// !$*UTF8*$!
{
	archiveVersion = 1;
	classes = {
	};
	objectVersion = 50;
	objects = {

/* Begin PBXBuildFile section */
		AE15D19422277C520005B6F1 /* AppDelegate.swift in Sources */ = {isa = PBXBuildFile; fileRef = AE15D19322277C520005B6F1 /* AppDelegate.swift */; };
		AE15D19622277C520005B6F1 /* ViewController.swift in Sources */ = {isa = PBXBuildFile; fileRef = AE15D19522277C520005B6F1 /* ViewController.swift */; };
		AE15D19922277C520005B6F1 /* Main.storyboard in Resources */ = {isa = PBXBuildFile; fileRef = AE15D19722277C520005B6F1 /* Main.storyboard */; };
		AE15D19B22277C530005B6F1 /* Assets.xcassets in Resources */ = {isa = PBXBuildFile; fileRef = AE15D19A22277C530005B6F1 /* Assets.xcassets */; };
		AE15D19E22277C530005B6F1 /* LaunchScreen.storyboard in Resources */ = {isa = PBXBuildFile; fileRef = AE15D19C22277C530005B6F1 /* LaunchScreen.storyboard */; };
		AE15D1A922277C530005B6F1 /* CODA_AlphaV1Tests.swift in Sources */ = {isa = PBXBuildFile; fileRef = AE15D1A822277C530005B6F1 /* CODA_AlphaV1Tests.swift */; };
		AE15D1B422277C530005B6F1 /* CODA_AlphaV1UITests.swift in Sources */ = {isa = PBXBuildFile; fileRef = AE15D1B322277C530005B6F1 /* CODA_AlphaV1UITests.swift */; };
/* End PBXBuildFile section */

/* Begin PBXContainerItemProxy section */
		AE15D1A522277C530005B6F1 /* PBXContainerItemProxy */ = {
			isa = PBXContainerItemProxy;
			containerPortal = AE15D18822277C520005B6F1 /* Project object */;
			proxyType = 1;
			remoteGlobalIDString = AE15D18F22277C520005B6F1;
			remoteInfo = "CODA-AlphaV1";
		};
		AE15D1B022277C530005B6F1 /* PBXContainerItemProxy */ = {
			isa = PBXContainerItemProxy;
			containerPortal = AE15D18822277C520005B6F1 /* Project object */;
			proxyType = 1;
			remoteGlobalIDString = AE15D18F22277C520005B6F1;
			remoteInfo = "CODA-AlphaV1";
		};
/* End PBXContainerItemProxy section */

/* Begin PBXFileReference section */
		AE15D19022277C520005B6F1 /* CODA-AlphaV1.app */ = {isa = PBXFileReference; explicitFileType = wrapper.application; includeInIndex = 0; path = "CODA-AlphaV1.app"; sourceTree = BUILT_PRODUCTS_DIR; };
		AE15D19322277C520005B6F1 /* AppDelegate.swift */ = {isa = PBXFileReference; lastKnownFileType = sourcecode.swift; path = AppDelegate.swift; sourceTree = "<group>"; };
		AE15D19522277C520005B6F1 /* ViewController.swift */ = {isa = PBXFileReference; lastKnownFileType = sourcecode.swift; path = ViewController.swift; sourceTree = "<group>"; };
		AE15D19822277C520005B6F1 /* Base */ = {isa = PBXFileReference; lastKnownFileType = file.storyboard; name = Base; path = Base.lproj/Main.storyboard; sourceTree = "<group>"; };
		AE15D19A22277C530005B6F1 /* Assets.xcassets */ = {isa = PBXFileReference; lastKnownFileType = folder.assetcatalog; path = Assets.xcassets; sourceTree = "<group>"; };
		AE15D19D22277C530005B6F1 /* Base */ = {isa = PBXFileReference; lastKnownFileType = file.storyboard; name = Base; path = Base.lproj/LaunchScreen.storyboard; sourceTree = "<group>"; };
		AE15D19F22277C530005B6F1 /* Info.plist */ = {isa = PBXFileReference; lastKnownFileType = text.plist.xml; path = Info.plist; sourceTree = "<group>"; };
		AE15D1A422277C530005B6F1 /* CODA-AlphaV1Tests.xctest */ = {isa = PBXFileReference; explicitFileType = wrapper.cfbundle; includeInIndex = 0; path = "CODA-AlphaV1Tests.xctest"; sourceTree = BUILT_PRODUCTS_DIR; };
		AE15D1A822277C530005B6F1 /* CODA_AlphaV1Tests.swift */ = {isa = PBXFileReference; lastKnownFileType = sourcecode.swift; path = CODA_AlphaV1Tests.swift; sourceTree = "<group>"; };
		AE15D1AA22277C530005B6F1 /* Info.plist */ = {isa = PBXFileReference; lastKnownFileType = text.plist.xml; path = Info.plist; sourceTree = "<group>"; };
		AE15D1AF22277C530005B6F1 /* CODA-AlphaV1UITests.xctest */ = {isa = PBXFileReference; explicitFileType = wrapper.cfbundle; includeInIndex = 0; path = "CODA-AlphaV1UITests.xctest"; sourceTree = BUILT_PRODUCTS_DIR; };
		AE15D1B322277C530005B6F1 /* CODA_AlphaV1UITests.swift */ = {isa = PBXFileReference; lastKnownFileType = sourcecode.swift; path = CODA_AlphaV1UITests.swift; sourceTree = "<group>"; };
		AE15D1B522277C530005B6F1 /* Info.plist */ = {isa = PBXFileReference; lastKnownFileType = text.plist.xml; path = Info.plist; sourceTree = "<group>"; };
/* End PBXFileReference section */

/* Begin PBXFrameworksBuildPhase section */
		AE15D18D22277C520005B6F1 /* Frameworks */ = {
			isa = PBXFrameworksBuildPhase;
			buildActionMask = 2147483647;
			files = (
			);
			runOnlyForDeploymentPostprocessing = 0;
		};
		AE15D1A122277C530005B6F1 /* Frameworks */ = {
			isa = PBXFrameworksBuildPhase;
			buildActionMask = 2147483647;
			files = (
			);
			runOnlyForDeploymentPostprocessing = 0;
		};
		AE15D1AC22277C530005B6F1 /* Frameworks */ = {
			isa = PBXFrameworksBuildPhase;
			buildActionMask = 2147483647;
			files = (
			);
			runOnlyForDeploymentPostprocessing = 0;
		};
/* End PBXFrameworksBuildPhase section */

/* Begin PBXGroup section */
		AE15D18722277C520005B6F1 = {
			isa = PBXGroup;
			children = (
				AE15D19222277C520005B6F1 /* CODA-AlphaV1 */,
				AE15D1A722277C530005B6F1 /* CODA-AlphaV1Tests */,
				AE15D1B222277C530005B6F1 /* CODA-AlphaV1UITests */,
				AE15D19122277C520005B6F1 /* Products */,
			);
			sourceTree = "<group>";
		};
		AE15D19122277C520005B6F1 /* Products */ = {
			isa = PBXGroup;
			children = (
				AE15D19022277C520005B6F1 /* CODA-AlphaV1.app */,
				AE15D1A422277C530005B6F1 /* CODA-AlphaV1Tests.xctest */,
				AE15D1AF22277C530005B6F1 /* CODA-AlphaV1UITests.xctest */,
			);
			name = Products;
			sourceTree = "<group>";
		};
		AE15D19222277C520005B6F1 /* CODA-AlphaV1 */ = {
			isa = PBXGroup;
			children = (
				AE15D19322277C520005B6F1 /* AppDelegate.swift */,
				AE15D19522277C520005B6F1 /* ViewController.swift */,
				AE15D19722277C520005B6F1 /* Main.storyboard */,
				AE15D19A22277C530005B6F1 /* Assets.xcassets */,
				AE15D19C22277C530005B6F1 /* LaunchScreen.storyboard */,
				AE15D19F22277C530005B6F1 /* Info.plist */,
			);
			path = "CODA-AlphaV1";
			sourceTree = "<group>";
		};
		AE15D1A722277C530005B6F1 /* CODA-AlphaV1Tests */ = {
			isa = PBXGroup;
			children = (
				AE15D1A822277C530005B6F1 /* CODA_AlphaV1Tests.swift */,
				AE15D1AA22277C530005B6F1 /* Info.plist */,
			);
			path = "CODA-AlphaV1Tests";
			sourceTree = "<group>";
		};
		AE15D1B222277C530005B6F1 /* CODA-AlphaV1UITests */ = {
			isa = PBXGroup;
			children = (
				AE15D1B322277C530005B6F1 /* CODA_AlphaV1UITests.swift */,
				AE15D1B522277C530005B6F1 /* Info.plist */,
			);
			path = "CODA-AlphaV1UITests";
			sourceTree = "<group>";
		};
/* End PBXGroup section */

/* Begin PBXNativeTarget section */
		AE15D18F22277C520005B6F1 /* CODA-AlphaV1 */ = {
			isa = PBXNativeTarget;
			buildConfigurationList = AE15D1B822277C530005B6F1 /* Build configuration list for PBXNativeTarget "CODA-AlphaV1" */;
			buildPhases = (
				AE15D18C22277C520005B6F1 /* Sources */,
				AE15D18D22277C520005B6F1 /* Frameworks */,
				AE15D18E22277C520005B6F1 /* Resources */,
			);
			buildRules = (
			);
			dependencies = (
			);
			name = "CODA-AlphaV1";
			productName = "CODA-AlphaV1";
			productReference = AE15D19022277C520005B6F1 /* CODA-AlphaV1.app */;
			productType = "com.apple.product-type.application";
		};
		AE15D1A322277C530005B6F1 /* CODA-AlphaV1Tests */ = {
			isa = PBXNativeTarget;
			buildConfigurationList = AE15D1BB22277C530005B6F1 /* Build configuration list for PBXNativeTarget "CODA-AlphaV1Tests" */;
			buildPhases = (
				AE15D1A022277C530005B6F1 /* Sources */,
				AE15D1A122277C530005B6F1 /* Frameworks */,
				AE15D1A222277C530005B6F1 /* Resources */,
			);
			buildRules = (
			);
			dependencies = (
				AE15D1A622277C530005B6F1 /* PBXTargetDependency */,
			);
			name = "CODA-AlphaV1Tests";
			productName = "CODA-AlphaV1Tests";
			productReference = AE15D1A422277C530005B6F1 /* CODA-AlphaV1Tests.xctest */;
			productType = "com.apple.product-type.bundle.unit-test";
		};
		AE15D1AE22277C530005B6F1 /* CODA-AlphaV1UITests */ = {
			isa = PBXNativeTarget;
			buildConfigurationList = AE15D1BE22277C530005B6F1 /* Build configuration list for PBXNativeTarget "CODA-AlphaV1UITests" */;
			buildPhases = (
				AE15D1AB22277C530005B6F1 /* Sources */,
				AE15D1AC22277C530005B6F1 /* Frameworks */,
				AE15D1AD22277C530005B6F1 /* Resources */,
			);
			buildRules = (
			);
			dependencies = (
				AE15D1B122277C530005B6F1 /* PBXTargetDependency */,
			);
			name = "CODA-AlphaV1UITests";
			productName = "CODA-AlphaV1UITests";
			productReference = AE15D1AF22277C530005B6F1 /* CODA-AlphaV1UITests.xctest */;
			productType = "com.apple.product-type.bundle.ui-testing";
		};
/* End PBXNativeTarget section */

/* Begin PBXProject section */
		AE15D18822277C520005B6F1 /* Project object */ = {
			isa = PBXProject;
			attributes = {
				LastSwiftUpdateCheck = 0940;
				LastUpgradeCheck = 0940;
				ORGANIZATIONNAME = Duncan;
				TargetAttributes = {
					AE15D18F22277C520005B6F1 = {
						CreatedOnToolsVersion = 9.4.1;
					};
					AE15D1A322277C530005B6F1 = {
						CreatedOnToolsVersion = 9.4.1;
						TestTargetID = AE15D18F22277C520005B6F1;
					};
					AE15D1AE22277C530005B6F1 = {
						CreatedOnToolsVersion = 9.4.1;
						TestTargetID = AE15D18F22277C520005B6F1;
					};
				};
			};
			buildConfigurationList = AE15D18B22277C520005B6F1 /* Build configuration list for PBXProject "CODA-AlphaV1" */;
			compatibilityVersion = "Xcode 9.3";
			developmentRegion = en;
			hasScannedForEncodings = 0;
			knownRegions = (
				en,
				Base,
			);
			mainGroup = AE15D18722277C520005B6F1;
			productRefGroup = AE15D19122277C520005B6F1 /* Products */;
			projectDirPath = "";
			projectRoot = "";
			targets = (
				AE15D18F22277C520005B6F1 /* CODA-AlphaV1 */,
				AE15D1A322277C530005B6F1 /* CODA-AlphaV1Tests */,
				AE15D1AE22277C530005B6F1 /* CODA-AlphaV1UITests */,
			);
		};
/* End PBXProject section */

/* Begin PBXResourcesBuildPhase section */
		AE15D18E22277C520005B6F1 /* Resources */ = {
			isa = PBXResourcesBuildPhase;
			buildActionMask = 2147483647;
			files = (
				AE15D19E22277C530005B6F1 /* LaunchScreen.storyboard in Resources */,
				AE15D19B22277C530005B6F1 /* Assets.xcassets in Resources */,
				AE15D19922277C520005B6F1 /* Main.storyboard in Resources */,
			);
			runOnlyForDeploymentPostprocessing = 0;
		};
		AE15D1A222277C530005B6F1 /* Resources */ = {
			isa = PBXResourcesBuildPhase;
			buildActionMask = 2147483647;
			files = (
			);
			runOnlyForDeploymentPostprocessing = 0;
		};
		AE15D1AD22277C530005B6F1 /* Resources */ = {
			isa = PBXResourcesBuildPhase;
			buildActionMask = 2147483647;
			files = (
			);
			runOnlyForDeploymentPostprocessing = 0;
		};
/* End PBXResourcesBuildPhase section */

/* Begin PBXSourcesBuildPhase section */
		AE15D18C22277C520005B6F1 /* Sources */ = {
			isa = PBXSourcesBuildPhase;
			buildActionMask = 2147483647;
			files = (
				AE15D19622277C520005B6F1 /* ViewController.swift in Sources */,
				AE15D19422277C520005B6F1 /* AppDelegate.swift in Sources */,
			);
			runOnlyForDeploymentPostprocessing = 0;
		};
		AE15D1A022277C530005B6F1 /* Sources */ = {
			isa = PBXSourcesBuildPhase;
			buildActionMask = 2147483647;
			files = (
				AE15D1A922277C530005B6F1 /* CODA_AlphaV1Tests.swift in Sources */,
			);
			runOnlyForDeploymentPostprocessing = 0;
		};
		AE15D1AB22277C530005B6F1 /* Sources */ = {
			isa = PBXSourcesBuildPhase;
			buildActionMask = 2147483647;
			files = (
				AE15D1B422277C530005B6F1 /* CODA_AlphaV1UITests.swift in Sources */,
			);
			runOnlyForDeploymentPostprocessing = 0;
		};
/* End PBXSourcesBuildPhase section */

/* Begin PBXTargetDependency section */
		AE15D1A622277C530005B6F1 /* PBXTargetDependency */ = {
			isa = PBXTargetDependency;
			target = AE15D18F22277C520005B6F1 /* CODA-AlphaV1 */;
			targetProxy = AE15D1A522277C530005B6F1 /* PBXContainerItemProxy */;
		};
		AE15D1B122277C530005B6F1 /* PBXTargetDependency */ = {
			isa = PBXTargetDependency;
			target = AE15D18F22277C520005B6F1 /* CODA-AlphaV1 */;
			targetProxy = AE15D1B022277C530005B6F1 /* PBXContainerItemProxy */;
		};
/* End PBXTargetDependency section */

/* Begin PBXVariantGroup section */
		AE15D19722277C520005B6F1 /* Main.storyboard */ = {
			isa = PBXVariantGroup;
			children = (
				AE15D19822277C520005B6F1 /* Base */,
			);
			name = Main.storyboard;
			sourceTree = "<group>";
		};
		AE15D19C22277C530005B6F1 /* LaunchScreen.storyboard */ = {
			isa = PBXVariantGroup;
			children = (
				AE15D19D22277C530005B6F1 /* Base */,
			);
			name = LaunchScreen.storyboard;
			sourceTree = "<group>";
		};
/* End PBXVariantGroup section */

/* Begin XCBuildConfiguration section */
		AE15D1B622277C530005B6F1 /* Debug */ = {
			isa = XCBuildConfiguration;
			buildSettings = {
				ALWAYS_SEARCH_USER_PATHS = NO;
				CLANG_ANALYZER_NONNULL = YES;
				CLANG_ANALYZER_NUMBER_OBJECT_CONVERSION = YES_AGGRESSIVE;
				CLANG_CXX_LANGUAGE_STANDARD = "gnu++14";
				CLANG_CXX_LIBRARY = "libc++";
				CLANG_ENABLE_MODULES = YES;
				CLANG_ENABLE_OBJC_ARC = YES;
				CLANG_ENABLE_OBJC_WEAK = YES;
				CLANG_WARN_BLOCK_CAPTURE_AUTORELEASING = YES;
				CLANG_WARN_BOOL_CONVERSION = YES;
				CLANG_WARN_COMMA = YES;
				CLANG_WARN_CONSTANT_CONVERSION = YES;
				CLANG_WARN_DEPRECATED_OBJC_IMPLEMENTATIONS = YES;
				CLANG_WARN_DIRECT_OBJC_ISA_USAGE = YES_ERROR;
				CLANG_WARN_DOCUMENTATION_COMMENTS = YES;
				CLANG_WARN_EMPTY_BODY = YES;
				CLANG_WARN_ENUM_CONVERSION = YES;
				CLANG_WARN_INFINITE_RECURSION = YES;
				CLANG_WARN_INT_CONVERSION = YES;
				CLANG_WARN_NON_LITERAL_NULL_CONVERSION = YES;
				CLANG_WARN_OBJC_IMPLICIT_RETAIN_SELF = YES;
				CLANG_WARN_OBJC_LITERAL_CONVERSION = YES;
				CLANG_WARN_OBJC_ROOT_CLASS = YES_ERROR;
				CLANG_WARN_RANGE_LOOP_ANALYSIS = YES;
				CLANG_WARN_STRICT_PROTOTYPES = YES;
				CLANG_WARN_SUSPICIOUS_MOVE = YES;
				CLANG_WARN_UNGUARDED_AVAILABILITY = YES_AGGRESSIVE;
				CLANG_WARN_UNREACHABLE_CODE = YES;
				CLANG_WARN__DUPLICATE_METHOD_MATCH = YES;
				CODE_SIGN_IDENTITY = "iPhone Developer";
				COPY_PHASE_STRIP = NO;
				DEBUG_INFORMATION_FORMAT = dwarf;
				ENABLE_STRICT_OBJC_MSGSEND = YES;
				ENABLE_TESTABILITY = YES;
				GCC_C_LANGUAGE_STANDARD = gnu11;
				GCC_DYNAMIC_NO_PIC = NO;
				GCC_NO_COMMON_BLOCKS = YES;
				GCC_OPTIMIZATION_LEVEL = 0;
				GCC_PREPROCESSOR_DEFINITIONS = (
					"DEBUG=1",
					"$(inherited)",
				);
				GCC_WARN_64_TO_32_BIT_CONVERSION = YES;
				GCC_WARN_ABOUT_RETURN_TYPE = YES_ERROR;
				GCC_WARN_UNDECLARED_SELECTOR = YES;
				GCC_WARN_UNINITIALIZED_AUTOS = YES_AGGRESSIVE;
				GCC_WARN_UNUSED_FUNCTION = YES;
				GCC_WARN_UNUSED_VARIABLE = YES;
				IPHONEOS_DEPLOYMENT_TARGET = 11.4;
				MTL_ENABLE_DEBUG_INFO = YES;
				ONLY_ACTIVE_ARCH = YES;
				SDKROOT = iphoneos;
				SWIFT_ACTIVE_COMPILATION_CONDITIONS = DEBUG;
				SWIFT_OPTIMIZATION_LEVEL = "-Onone";
			};
			name = Debug;
		};
		AE15D1B722277C530005B6F1 /* Release */ = {
			isa = XCBuildConfiguration;
			buildSettings = {
				ALWAYS_SEARCH_USER_PATHS = NO;
				CLANG_ANALYZER_NONNULL = YES;
				CLANG_ANALYZER_NUMBER_OBJECT_CONVERSION = YES_AGGRESSIVE;
				CLANG_CXX_LANGUAGE_STANDARD = "gnu++14";
				CLANG_CXX_LIBRARY = "libc++";
				CLANG_ENABLE_MODULES = YES;
				CLANG_ENABLE_OBJC_ARC = YES;
				CLANG_ENABLE_OBJC_WEAK = YES;
				CLANG_WARN_BLOCK_CAPTURE_AUTORELEASING = YES;
				CLANG_WARN_BOOL_CONVERSION = YES;
				CLANG_WARN_COMMA = YES;
				CLANG_WARN_CONSTANT_CONVERSION = YES;
				CLANG_WARN_DEPRECATED_OBJC_IMPLEMENTATIONS = YES;
				CLANG_WARN_DIRECT_OBJC_ISA_USAGE = YES_ERROR;
				CLANG_WARN_DOCUMENTATION_COMMENTS = YES;
				CLANG_WARN_EMPTY_BODY = YES;
				CLANG_WARN_ENUM_CONVERSION = YES;
				CLANG_WARN_INFINITE_RECURSION = YES;
				CLANG_WARN_INT_CONVERSION = YES;
				CLANG_WARN_NON_LITERAL_NULL_CONVERSION = YES;
				CLANG_WARN_OBJC_IMPLICIT_RETAIN_SELF = YES;
				CLANG_WARN_OBJC_LITERAL_CONVERSION = YES;
				CLANG_WARN_OBJC_ROOT_CLASS = YES_ERROR;
				CLANG_WARN_RANGE_LOOP_ANALYSIS = YES;
				CLANG_WARN_STRICT_PROTOTYPES = YES;
				CLANG_WARN_SUSPICIOUS_MOVE = YES;
				CLANG_WARN_UNGUARDED_AVAILABILITY = YES_AGGRESSIVE;
				CLANG_WARN_UNREACHABLE_CODE = YES;
				CLANG_WARN__DUPLICATE_METHOD_MATCH = YES;
				CODE_SIGN_IDENTITY = "iPhone Developer";
				COPY_PHASE_STRIP = NO;
				DEBUG_INFORMATION_FORMAT = "dwarf-with-dsym";
				ENABLE_NS_ASSERTIONS = NO;
				ENABLE_STRICT_OBJC_MSGSEND = YES;
				GCC_C_LANGUAGE_STANDARD = gnu11;
				GCC_NO_COMMON_BLOCKS = YES;
				GCC_WARN_64_TO_32_BIT_CONVERSION = YES;
				GCC_WARN_ABOUT_RETURN_TYPE = YES_ERROR;
				GCC_WARN_UNDECLARED_SELECTOR = YES;
				GCC_WARN_UNINITIALIZED_AUTOS = YES_AGGRESSIVE;
				GCC_WARN_UNUSED_FUNCTION = YES;
				GCC_WARN_UNUSED_VARIABLE = YES;
				IPHONEOS_DEPLOYMENT_TARGET = 11.4;
				MTL_ENABLE_DEBUG_INFO = NO;
				SDKROOT = iphoneos;
				SWIFT_COMPILATION_MODE = wholemodule;
				SWIFT_OPTIMIZATION_LEVEL = "-O";
				VALIDATE_PRODUCT = YES;
			};
			name = Release;
		};
		AE15D1B922277C530005B6F1 /* Debug */ = {
			isa = XCBuildConfiguration;
			buildSettings = {
				ASSETCATALOG_COMPILER_APPICON_NAME = AppIcon;
				CODE_SIGN_STYLE = Automatic;
				DEVELOPMENT_TEAM = M2C2XTBKWP;
				INFOPLIST_FILE = "CODA-AlphaV1/Info.plist";
				LD_RUNPATH_SEARCH_PATHS = (
					"$(inherited)",
					"@executable_path/Frameworks",
				);
				PRODUCT_BUNDLE_IDENTIFIER = "MrDJEnz-CODA.CODA-AlphaV1";
				PRODUCT_NAME = "$(TARGET_NAME)";
				SWIFT_VERSION = 4.0;
				TARGETED_DEVICE_FAMILY = "1,2";
			};
			name = Debug;
		};
		AE15D1BA22277C530005B6F1 /* Release */ = {
			isa = XCBuildConfiguration;
			buildSettings = {
				ASSETCATALOG_COMPILER_APPICON_NAME = AppIcon;
				CODE_SIGN_STYLE = Automatic;
				DEVELOPMENT_TEAM = M2C2XTBKWP;
				INFOPLIST_FILE = "CODA-AlphaV1/Info.plist";
				LD_RUNPATH_SEARCH_PATHS = (
					"$(inherited)",
					"@executable_path/Frameworks",
				);
				PRODUCT_BUNDLE_IDENTIFIER = "MrDJEnz-CODA.CODA-AlphaV1";
				PRODUCT_NAME = "$(TARGET_NAME)";
				SWIFT_VERSION = 4.0;
				TARGETED_DEVICE_FAMILY = "1,2";
			};
			name = Release;
		};
		AE15D1BC22277C530005B6F1 /* Debug */ = {
			isa = XCBuildConfiguration;
			buildSettings = {
				ALWAYS_EMBED_SWIFT_STANDARD_LIBRARIES = YES;
				BUNDLE_LOADER = "$(TEST_HOST)";
				CODE_SIGN_STYLE = Automatic;
				DEVELOPMENT_TEAM = M2C2XTBKWP;
				INFOPLIST_FILE = "CODA-AlphaV1Tests/Info.plist";
				LD_RUNPATH_SEARCH_PATHS = (
					"$(inherited)",
					"@executable_path/Frameworks",
					"@loader_path/Frameworks",
				);
				PRODUCT_BUNDLE_IDENTIFIER = "MrDJEnz-CODA.CODA-AlphaV1Tests";
				PRODUCT_NAME = "$(TARGET_NAME)";
				SWIFT_VERSION = 4.0;
				TARGETED_DEVICE_FAMILY = "1,2";
				TEST_HOST = "$(BUILT_PRODUCTS_DIR)/CODA-AlphaV1.app/CODA-AlphaV1";
			};
			name = Debug;
		};
		AE15D1BD22277C530005B6F1 /* Release */ = {
			isa = XCBuildConfiguration;
			buildSettings = {
				ALWAYS_EMBED_SWIFT_STANDARD_LIBRARIES = YES;
				BUNDLE_LOADER = "$(TEST_HOST)";
				CODE_SIGN_STYLE = Automatic;
				DEVELOPMENT_TEAM = M2C2XTBKWP;
				INFOPLIST_FILE = "CODA-AlphaV1Tests/Info.plist";
				LD_RUNPATH_SEARCH_PATHS = (
					"$(inherited)",
					"@executable_path/Frameworks",
					"@loader_path/Frameworks",
				);
				PRODUCT_BUNDLE_IDENTIFIER = "MrDJEnz-CODA.CODA-AlphaV1Tests";
				PRODUCT_NAME = "$(TARGET_NAME)";
				SWIFT_VERSION = 4.0;
				TARGETED_DEVICE_FAMILY = "1,2";
				TEST_HOST = "$(BUILT_PRODUCTS_DIR)/CODA-AlphaV1.app/CODA-AlphaV1";
			};
			name = Release;
		};
		AE15D1BF22277C530005B6F1 /* Debug */ = {
			isa = XCBuildConfiguration;
			buildSettings = {
				ALWAYS_EMBED_SWIFT_STANDARD_LIBRARIES = YES;
				CODE_SIGN_STYLE = Automatic;
				DEVELOPMENT_TEAM = M2C2XTBKWP;
				INFOPLIST_FILE = "CODA-AlphaV1UITests/Info.plist";
				LD_RUNPATH_SEARCH_PATHS = (
					"$(inherited)",
					"@executable_path/Frameworks",
					"@loader_path/Frameworks",
				);
				PRODUCT_BUNDLE_IDENTIFIER = "MrDJEnz-CODA.CODA-AlphaV1UITests";
				PRODUCT_NAME = "$(TARGET_NAME)";
				SWIFT_VERSION = 4.0;
				TARGETED_DEVICE_FAMILY = "1,2";
				TEST_TARGET_NAME = "CODA-AlphaV1";
			};
			name = Debug;
		};
		AE15D1C022277C530005B6F1 /* Release */ = {
			isa = XCBuildConfiguration;
			buildSettings = {
				ALWAYS_EMBED_SWIFT_STANDARD_LIBRARIES = YES;
				CODE_SIGN_STYLE = Automatic;
				DEVELOPMENT_TEAM = M2C2XTBKWP;
				INFOPLIST_FILE = "CODA-AlphaV1UITests/Info.plist";
				LD_RUNPATH_SEARCH_PATHS = (
					"$(inherited)",
					"@executable_path/Frameworks",
					"@loader_path/Frameworks",
				);
				PRODUCT_BUNDLE_IDENTIFIER = "MrDJEnz-CODA.CODA-AlphaV1UITests";
				PRODUCT_NAME = "$(TARGET_NAME)";
				SWIFT_VERSION = 4.0;
				TARGETED_DEVICE_FAMILY = "1,2";
				TEST_TARGET_NAME = "CODA-AlphaV1";
			};
			name = Release;
		};
/* End XCBuildConfiguration section */

/* Begin XCConfigurationList section */
		AE15D18B22277C520005B6F1 /* Build configuration list for PBXProject "CODA-AlphaV1" */ = {
			isa = XCConfigurationList;
			buildConfigurations = (
				AE15D1B622277C530005B6F1 /* Debug */,
				AE15D1B722277C530005B6F1 /* Release */,
			);
			defaultConfigurationIsVisible = 0;
			defaultConfigurationName = Release;
		};
		AE15D1B822277C530005B6F1 /* Build configuration list for PBXNativeTarget "CODA-AlphaV1" */ = {
			isa = XCConfigurationList;
			buildConfigurations = (
				AE15D1B922277C530005B6F1 /* Debug */,
				AE15D1BA22277C530005B6F1 /* Release */,
			);
			defaultConfigurationIsVisible = 0;
			defaultConfigurationName = Release;
		};
		AE15D1BB22277C530005B6F1 /* Build configuration list for PBXNativeTarget "CODA-AlphaV1Tests" */ = {
			isa = XCConfigurationList;
			buildConfigurations = (
				AE15D1BC22277C530005B6F1 /* Debug */,
				AE15D1BD22277C530005B6F1 /* Release */,
			);
			defaultConfigurationIsVisible = 0;
			defaultConfigurationName = Release;
		};
		AE15D1BE22277C530005B6F1 /* Build configuration list for PBXNativeTarget "CODA-AlphaV1UITests" */ = {
			isa = XCConfigurationList;
			buildConfigurations = (
				AE15D1BF22277C530005B6F1 /* Debug */,
				AE15D1C022277C530005B6F1 /* Release */,
			);
			defaultConfigurationIsVisible = 0;
			defaultConfigurationName = Release;
		};
/* End XCConfigurationList section */
	};
	rootObject = AE15D18822277C520005B6F1 /* Project object */;
}
