// !$*UTF8*$!
{
	archiveVersion = 1;
	classes = {
	};
	objectVersion = 50;
	objects = {

/* Begin PBXBuildFile section */
		98719AD722455BB300BD7B3C /* Alamofire.framework in Frameworks */ = {isa = PBXBuildFile; fileRef = 98719ACA22455AF300BD7B3C /* Alamofire.framework */; };
		98719AD822455BB300BD7B3C /* Alamofire.framework in Embed Frameworks */ = {isa = PBXBuildFile; fileRef = 98719ACA22455AF300BD7B3C /* Alamofire.framework */; settings = {ATTRIBUTES = (CodeSignOnCopy, RemoveHeadersOnCopy, ); }; };
		AE07D6B1224BF9F40035C432 /* HomeController.swift in Sources */ = {isa = PBXBuildFile; fileRef = AE07D6B0224BF9F40035C432 /* HomeController.swift */; };
		AE113BD5222E42070001F3D8 /* AppDelegate.swift in Sources */ = {isa = PBXBuildFile; fileRef = AE113BD4222E42070001F3D8 /* AppDelegate.swift */; };
		AE113BD7222E42070001F3D8 /* ViewController.swift in Sources */ = {isa = PBXBuildFile; fileRef = AE113BD6222E42070001F3D8 /* ViewController.swift */; };
		AE113BDA222E42070001F3D8 /* Main.storyboard in Resources */ = {isa = PBXBuildFile; fileRef = AE113BD8222E42070001F3D8 /* Main.storyboard */; };
		AE113BDC222E42080001F3D8 /* Assets.xcassets in Resources */ = {isa = PBXBuildFile; fileRef = AE113BDB222E42080001F3D8 /* Assets.xcassets */; };
		AE113BDF222E42080001F3D8 /* LaunchScreen.storyboard in Resources */ = {isa = PBXBuildFile; fileRef = AE113BDD222E42080001F3D8 /* LaunchScreen.storyboard */; };
		AE113BEA222E42080001F3D8 /* CODA_AlphaV2Tests.swift in Sources */ = {isa = PBXBuildFile; fileRef = AE113BE9222E42080001F3D8 /* CODA_AlphaV2Tests.swift */; };
		AE113BF5222E42080001F3D8 /* CODA_AlphaV2UITests.swift in Sources */ = {isa = PBXBuildFile; fileRef = AE113BF4222E42080001F3D8 /* CODA_AlphaV2UITests.swift */; };
/* End PBXBuildFile section */

/* Begin PBXContainerItemProxy section */
		98719AC922455AF300BD7B3C /* PBXContainerItemProxy */ = {
			isa = PBXContainerItemProxy;
			containerPortal = 98719ABE22455AF300BD7B3C /* Alamofire.xcodeproj */;
			proxyType = 2;
			remoteGlobalIDString = F8111E3319A95C8B0040E7D1;
			remoteInfo = "Alamofire iOS";
		};
		98719ACB22455AF300BD7B3C /* PBXContainerItemProxy */ = {
			isa = PBXContainerItemProxy;
			containerPortal = 98719ABE22455AF300BD7B3C /* Alamofire.xcodeproj */;
			proxyType = 2;
			remoteGlobalIDString = F8111E3E19A95C8B0040E7D1;
			remoteInfo = "Alamofire iOS Tests";
		};
		98719ACD22455AF300BD7B3C /* PBXContainerItemProxy */ = {
			isa = PBXContainerItemProxy;
			containerPortal = 98719ABE22455AF300BD7B3C /* Alamofire.xcodeproj */;
			proxyType = 2;
			remoteGlobalIDString = 4DD67C0B1A5C55C900ED2280;
			remoteInfo = "Alamofire macOS";
		};
		98719ACF22455AF300BD7B3C /* PBXContainerItemProxy */ = {
			isa = PBXContainerItemProxy;
			containerPortal = 98719ABE22455AF300BD7B3C /* Alamofire.xcodeproj */;
			proxyType = 2;
			remoteGlobalIDString = F829C6B21A7A94F100A2CD59;
			remoteInfo = "Alamofire macOS Tests";
		};
		98719AD122455AF300BD7B3C /* PBXContainerItemProxy */ = {
			isa = PBXContainerItemProxy;
			containerPortal = 98719ABE22455AF300BD7B3C /* Alamofire.xcodeproj */;
			proxyType = 2;
			remoteGlobalIDString = 4CF626EF1BA7CB3E0011A099;
			remoteInfo = "Alamofire tvOS";
		};
		98719AD322455AF300BD7B3C /* PBXContainerItemProxy */ = {
			isa = PBXContainerItemProxy;
			containerPortal = 98719ABE22455AF300BD7B3C /* Alamofire.xcodeproj */;
			proxyType = 2;
			remoteGlobalIDString = 4CF626F81BA7CB3E0011A099;
			remoteInfo = "Alamofire tvOS Tests";
		};
		98719AD522455AF300BD7B3C /* PBXContainerItemProxy */ = {
			isa = PBXContainerItemProxy;
			containerPortal = 98719ABE22455AF300BD7B3C /* Alamofire.xcodeproj */;
			proxyType = 2;
			remoteGlobalIDString = E4202FE01B667AA100C997FB;
			remoteInfo = "Alamofire watchOS";
		};
		AE113BE6222E42080001F3D8 /* PBXContainerItemProxy */ = {
			isa = PBXContainerItemProxy;
			containerPortal = AE113BC9222E42070001F3D8 /* Project object */;
			proxyType = 1;
			remoteGlobalIDString = AE113BD0222E42070001F3D8;
			remoteInfo = "CODA-AlphaV2";
		};
		AE113BF1222E42080001F3D8 /* PBXContainerItemProxy */ = {
			isa = PBXContainerItemProxy;
			containerPortal = AE113BC9222E42070001F3D8 /* Project object */;
			proxyType = 1;
			remoteGlobalIDString = AE113BD0222E42070001F3D8;
			remoteInfo = "CODA-AlphaV2";
		};
		AE1F9C06224A79F500F7476D /* PBXContainerItemProxy */ = {
			isa = PBXContainerItemProxy;
			containerPortal = 98719ABE22455AF300BD7B3C /* Alamofire.xcodeproj */;
			proxyType = 1;
			remoteGlobalIDString = F8111E3219A95C8B0040E7D1;
			remoteInfo = "Alamofire iOS";
		};
/* End PBXContainerItemProxy section */

/* Begin PBXCopyFilesBuildPhase section */
		98719ADB22455BB300BD7B3C /* Embed Frameworks */ = {
			isa = PBXCopyFilesBuildPhase;
			buildActionMask = 2147483647;
			dstPath = "";
			dstSubfolderSpec = 10;
			files = (
				98719AD822455BB300BD7B3C /* Alamofire.framework in Embed Frameworks */,
			);
			name = "Embed Frameworks";
			runOnlyForDeploymentPostprocessing = 0;
		};
/* End PBXCopyFilesBuildPhase section */

/* Begin PBXFileReference section */
		98719ABE22455AF300BD7B3C /* Alamofire.xcodeproj */ = {isa = PBXFileReference; lastKnownFileType = "wrapper.pb-project"; name = Alamofire.xcodeproj; path = ../Alamofire/Alamofire.xcodeproj; sourceTree = "<group>"; };
		AE07D6B0224BF9F40035C432 /* HomeController.swift */ = {isa = PBXFileReference; lastKnownFileType = sourcecode.swift; path = HomeController.swift; sourceTree = "<group>"; };
		AE113BD1222E42070001F3D8 /* CODA-AlphaV2.app */ = {isa = PBXFileReference; explicitFileType = wrapper.application; includeInIndex = 0; path = "CODA-AlphaV2.app"; sourceTree = BUILT_PRODUCTS_DIR; };
		AE113BD4222E42070001F3D8 /* AppDelegate.swift */ = {isa = PBXFileReference; lastKnownFileType = sourcecode.swift; path = AppDelegate.swift; sourceTree = "<group>"; };
		AE113BD6222E42070001F3D8 /* ViewController.swift */ = {isa = PBXFileReference; lastKnownFileType = sourcecode.swift; path = ViewController.swift; sourceTree = "<group>"; };
		AE113BD9222E42070001F3D8 /* Base */ = {isa = PBXFileReference; lastKnownFileType = file.storyboard; name = Base; path = Base.lproj/Main.storyboard; sourceTree = "<group>"; };
		AE113BDB222E42080001F3D8 /* Assets.xcassets */ = {isa = PBXFileReference; lastKnownFileType = folder.assetcatalog; path = Assets.xcassets; sourceTree = "<group>"; };
		AE113BDE222E42080001F3D8 /* Base */ = {isa = PBXFileReference; lastKnownFileType = file.storyboard; name = Base; path = Base.lproj/LaunchScreen.storyboard; sourceTree = "<group>"; };
		AE113BE0222E42080001F3D8 /* Info.plist */ = {isa = PBXFileReference; lastKnownFileType = text.plist.xml; path = Info.plist; sourceTree = "<group>"; };
		AE113BE5222E42080001F3D8 /* CODA-AlphaV2Tests.xctest */ = {isa = PBXFileReference; explicitFileType = wrapper.cfbundle; includeInIndex = 0; path = "CODA-AlphaV2Tests.xctest"; sourceTree = BUILT_PRODUCTS_DIR; };
		AE113BE9222E42080001F3D8 /* CODA_AlphaV2Tests.swift */ = {isa = PBXFileReference; lastKnownFileType = sourcecode.swift; path = CODA_AlphaV2Tests.swift; sourceTree = "<group>"; };
		AE113BEB222E42080001F3D8 /* Info.plist */ = {isa = PBXFileReference; lastKnownFileType = text.plist.xml; path = Info.plist; sourceTree = "<group>"; };
		AE113BF0222E42080001F3D8 /* CODA-AlphaV2UITests.xctest */ = {isa = PBXFileReference; explicitFileType = wrapper.cfbundle; includeInIndex = 0; path = "CODA-AlphaV2UITests.xctest"; sourceTree = BUILT_PRODUCTS_DIR; };
		AE113BF4222E42080001F3D8 /* CODA_AlphaV2UITests.swift */ = {isa = PBXFileReference; lastKnownFileType = sourcecode.swift; path = CODA_AlphaV2UITests.swift; sourceTree = "<group>"; };
		AE113BF6222E42080001F3D8 /* Info.plist */ = {isa = PBXFileReference; lastKnownFileType = text.plist.xml; path = Info.plist; sourceTree = "<group>"; };
/* End PBXFileReference section */

/* Begin PBXFrameworksBuildPhase section */
		AE113BCE222E42070001F3D8 /* Frameworks */ = {
			isa = PBXFrameworksBuildPhase;
			buildActionMask = 2147483647;
			files = (
				98719AD722455BB300BD7B3C /* Alamofire.framework in Frameworks */,
			);
			runOnlyForDeploymentPostprocessing = 0;
		};
		AE113BE2222E42080001F3D8 /* Frameworks */ = {
			isa = PBXFrameworksBuildPhase;
			buildActionMask = 2147483647;
			files = (
			);
			runOnlyForDeploymentPostprocessing = 0;
		};
		AE113BED222E42080001F3D8 /* Frameworks */ = {
			isa = PBXFrameworksBuildPhase;
			buildActionMask = 2147483647;
			files = (
			);
			runOnlyForDeploymentPostprocessing = 0;
		};
/* End PBXFrameworksBuildPhase section */

/* Begin PBXGroup section */
		98719ABF22455AF300BD7B3C /* Products */ = {
			isa = PBXGroup;
			children = (
				98719ACA22455AF300BD7B3C /* Alamofire.framework */,
				98719ACC22455AF300BD7B3C /* Alamofire iOS Tests.xctest */,
				98719ACE22455AF300BD7B3C /* Alamofire.framework */,
				98719AD022455AF300BD7B3C /* Alamofire macOS Tests.xctest */,
				98719AD222455AF300BD7B3C /* Alamofire.framework */,
				98719AD422455AF300BD7B3C /* Alamofire tvOS Tests.xctest */,
				98719AD622455AF300BD7B3C /* Alamofire.framework */,
			);
			name = Products;
			sourceTree = "<group>";
		};
		AE113BC8222E42070001F3D8 = {
			isa = PBXGroup;
			children = (
				AE113BD3222E42070001F3D8 /* CODA-AlphaV2 */,
				AE113BE8222E42080001F3D8 /* CODA-AlphaV2Tests */,
				AE113BF3222E42080001F3D8 /* CODA-AlphaV2UITests */,
				AE113BD2222E42070001F3D8 /* Products */,
				98719ABE22455AF300BD7B3C /* Alamofire.xcodeproj */,
			);
			sourceTree = "<group>";
		};
		AE113BD2222E42070001F3D8 /* Products */ = {
			isa = PBXGroup;
			children = (
				AE113BD1222E42070001F3D8 /* CODA-AlphaV2.app */,
				AE113BE5222E42080001F3D8 /* CODA-AlphaV2Tests.xctest */,
				AE113BF0222E42080001F3D8 /* CODA-AlphaV2UITests.xctest */,
			);
			name = Products;
			sourceTree = "<group>";
		};
		AE113BD3222E42070001F3D8 /* CODA-AlphaV2 */ = {
			isa = PBXGroup;
			children = (
				AE113BD4222E42070001F3D8 /* AppDelegate.swift */,
				AE113BD6222E42070001F3D8 /* ViewController.swift */,
				AE07D6B0224BF9F40035C432 /* HomeController.swift */,
				AE113BD8222E42070001F3D8 /* Main.storyboard */,
				AE113BDB222E42080001F3D8 /* Assets.xcassets */,
				AE113BDD222E42080001F3D8 /* LaunchScreen.storyboard */,
				AE113BE0222E42080001F3D8 /* Info.plist */,
			);
			path = "CODA-AlphaV2";
			sourceTree = "<group>";
		};
		AE113BE8222E42080001F3D8 /* CODA-AlphaV2Tests */ = {
			isa = PBXGroup;
			children = (
				AE113BE9222E42080001F3D8 /* CODA_AlphaV2Tests.swift */,
				AE113BEB222E42080001F3D8 /* Info.plist */,
			);
			path = "CODA-AlphaV2Tests";
			sourceTree = "<group>";
		};
		AE113BF3222E42080001F3D8 /* CODA-AlphaV2UITests */ = {
			isa = PBXGroup;
			children = (
				AE113BF4222E42080001F3D8 /* CODA_AlphaV2UITests.swift */,
				AE113BF6222E42080001F3D8 /* Info.plist */,
			);
			path = "CODA-AlphaV2UITests";
			sourceTree = "<group>";
		};
/* End PBXGroup section */

/* Begin PBXNativeTarget section */
		AE113BD0222E42070001F3D8 /* CODA-AlphaV2 */ = {
			isa = PBXNativeTarget;
			buildConfigurationList = AE113BF9222E42080001F3D8 /* Build configuration list for PBXNativeTarget "CODA-AlphaV2" */;
			buildPhases = (
				AE113BCD222E42070001F3D8 /* Sources */,
				AE113BCE222E42070001F3D8 /* Frameworks */,
				AE113BCF222E42070001F3D8 /* Resources */,
				98719ADB22455BB300BD7B3C /* Embed Frameworks */,
			);
			buildRules = (
			);
			dependencies = (
				AE1F9C07224A79F500F7476D /* PBXTargetDependency */,
			);
			name = "CODA-AlphaV2";
			productName = "CODA-AlphaV2";
			productReference = AE113BD1222E42070001F3D8 /* CODA-AlphaV2.app */;
			productType = "com.apple.product-type.application";
		};
		AE113BE4222E42080001F3D8 /* CODA-AlphaV2Tests */ = {
			isa = PBXNativeTarget;
			buildConfigurationList = AE113BFC222E42080001F3D8 /* Build configuration list for PBXNativeTarget "CODA-AlphaV2Tests" */;
			buildPhases = (
				AE113BE1222E42080001F3D8 /* Sources */,
				AE113BE2222E42080001F3D8 /* Frameworks */,
				AE113BE3222E42080001F3D8 /* Resources */,
			);
			buildRules = (
			);
			dependencies = (
				AE113BE7222E42080001F3D8 /* PBXTargetDependency */,
			);
			name = "CODA-AlphaV2Tests";
			productName = "CODA-AlphaV2Tests";
			productReference = AE113BE5222E42080001F3D8 /* CODA-AlphaV2Tests.xctest */;
			productType = "com.apple.product-type.bundle.unit-test";
		};
		AE113BEF222E42080001F3D8 /* CODA-AlphaV2UITests */ = {
			isa = PBXNativeTarget;
			buildConfigurationList = AE113BFF222E42080001F3D8 /* Build configuration list for PBXNativeTarget "CODA-AlphaV2UITests" */;
			buildPhases = (
				AE113BEC222E42080001F3D8 /* Sources */,
				AE113BED222E42080001F3D8 /* Frameworks */,
				AE113BEE222E42080001F3D8 /* Resources */,
			);
			buildRules = (
			);
			dependencies = (
				AE113BF2222E42080001F3D8 /* PBXTargetDependency */,
			);
			name = "CODA-AlphaV2UITests";
			productName = "CODA-AlphaV2UITests";
			productReference = AE113BF0222E42080001F3D8 /* CODA-AlphaV2UITests.xctest */;
			productType = "com.apple.product-type.bundle.ui-testing";
		};
/* End PBXNativeTarget section */

/* Begin PBXProject section */
		AE113BC9222E42070001F3D8 /* Project object */ = {
			isa = PBXProject;
			attributes = {
				LastSwiftUpdateCheck = 1010;
				LastUpgradeCheck = 1010;
				ORGANIZATIONNAME = MrDJEnz;
				TargetAttributes = {
					AE113BD0222E42070001F3D8 = {
						CreatedOnToolsVersion = 10.1;
					};
					AE113BE4222E42080001F3D8 = {
						CreatedOnToolsVersion = 10.1;
						TestTargetID = AE113BD0222E42070001F3D8;
					};
					AE113BEF222E42080001F3D8 = {
						CreatedOnToolsVersion = 10.1;
						TestTargetID = AE113BD0222E42070001F3D8;
					};
				};
			};
			buildConfigurationList = AE113BCC222E42070001F3D8 /* Build configuration list for PBXProject "CODA-AlphaV2" */;
			compatibilityVersion = "Xcode 9.3";
			developmentRegion = en;
			hasScannedForEncodings = 0;
			knownRegions = (
				en,
				Base,
			);
			mainGroup = AE113BC8222E42070001F3D8;
			productRefGroup = AE113BD2222E42070001F3D8 /* Products */;
			projectDirPath = "";
			projectReferences = (
				{
					ProductGroup = 98719ABF22455AF300BD7B3C /* Products */;
					ProjectRef = 98719ABE22455AF300BD7B3C /* Alamofire.xcodeproj */;
				},
			);
			projectRoot = "";
			targets = (
				AE113BD0222E42070001F3D8 /* CODA-AlphaV2 */,
				AE113BE4222E42080001F3D8 /* CODA-AlphaV2Tests */,
				AE113BEF222E42080001F3D8 /* CODA-AlphaV2UITests */,
			);
		};
/* End PBXProject section */

/* Begin PBXReferenceProxy section */
		98719ACA22455AF300BD7B3C /* Alamofire.framework */ = {
			isa = PBXReferenceProxy;
			fileType = wrapper.framework;
			path = Alamofire.framework;
			remoteRef = 98719AC922455AF300BD7B3C /* PBXContainerItemProxy */;
			sourceTree = BUILT_PRODUCTS_DIR;
		};
		98719ACC22455AF300BD7B3C /* Alamofire iOS Tests.xctest */ = {
			isa = PBXReferenceProxy;
			fileType = wrapper.cfbundle;
			path = "Alamofire iOS Tests.xctest";
			remoteRef = 98719ACB22455AF300BD7B3C /* PBXContainerItemProxy */;
			sourceTree = BUILT_PRODUCTS_DIR;
		};
		98719ACE22455AF300BD7B3C /* Alamofire.framework */ = {
			isa = PBXReferenceProxy;
			fileType = wrapper.framework;
			path = Alamofire.framework;
			remoteRef = 98719ACD22455AF300BD7B3C /* PBXContainerItemProxy */;
			sourceTree = BUILT_PRODUCTS_DIR;
		};
		98719AD022455AF300BD7B3C /* Alamofire macOS Tests.xctest */ = {
			isa = PBXReferenceProxy;
			fileType = wrapper.cfbundle;
			path = "Alamofire macOS Tests.xctest";
			remoteRef = 98719ACF22455AF300BD7B3C /* PBXContainerItemProxy */;
			sourceTree = BUILT_PRODUCTS_DIR;
		};
		98719AD222455AF300BD7B3C /* Alamofire.framework */ = {
			isa = PBXReferenceProxy;
			fileType = wrapper.framework;
			path = Alamofire.framework;
			remoteRef = 98719AD122455AF300BD7B3C /* PBXContainerItemProxy */;
			sourceTree = BUILT_PRODUCTS_DIR;
		};
		98719AD422455AF300BD7B3C /* Alamofire tvOS Tests.xctest */ = {
			isa = PBXReferenceProxy;
			fileType = wrapper.cfbundle;
			path = "Alamofire tvOS Tests.xctest";
			remoteRef = 98719AD322455AF300BD7B3C /* PBXContainerItemProxy */;
			sourceTree = BUILT_PRODUCTS_DIR;
		};
		98719AD622455AF300BD7B3C /* Alamofire.framework */ = {
			isa = PBXReferenceProxy;
			fileType = wrapper.framework;
			path = Alamofire.framework;
			remoteRef = 98719AD522455AF300BD7B3C /* PBXContainerItemProxy */;
			sourceTree = BUILT_PRODUCTS_DIR;
		};
/* End PBXReferenceProxy section */

/* Begin PBXResourcesBuildPhase section */
		AE113BCF222E42070001F3D8 /* Resources */ = {
			isa = PBXResourcesBuildPhase;
			buildActionMask = 2147483647;
			files = (
				AE113BDF222E42080001F3D8 /* LaunchScreen.storyboard in Resources */,
				AE113BDC222E42080001F3D8 /* Assets.xcassets in Resources */,
				AE113BDA222E42070001F3D8 /* Main.storyboard in Resources */,
			);
			runOnlyForDeploymentPostprocessing = 0;
		};
		AE113BE3222E42080001F3D8 /* Resources */ = {
			isa = PBXResourcesBuildPhase;
			buildActionMask = 2147483647;
			files = (
			);
			runOnlyForDeploymentPostprocessing = 0;
		};
		AE113BEE222E42080001F3D8 /* Resources */ = {
			isa = PBXResourcesBuildPhase;
			buildActionMask = 2147483647;
			files = (
			);
			runOnlyForDeploymentPostprocessing = 0;
		};
/* End PBXResourcesBuildPhase section */

/* Begin PBXSourcesBuildPhase section */
		AE113BCD222E42070001F3D8 /* Sources */ = {
			isa = PBXSourcesBuildPhase;
			buildActionMask = 2147483647;
			files = (
				AE113BD7222E42070001F3D8 /* ViewController.swift in Sources */,
				AE113BD5222E42070001F3D8 /* AppDelegate.swift in Sources */,
				AE07D6B1224BF9F40035C432 /* HomeController.swift in Sources */,
			);
			runOnlyForDeploymentPostprocessing = 0;
		};
		AE113BE1222E42080001F3D8 /* Sources */ = {
			isa = PBXSourcesBuildPhase;
			buildActionMask = 2147483647;
			files = (
				AE113BEA222E42080001F3D8 /* CODA_AlphaV2Tests.swift in Sources */,
			);
			runOnlyForDeploymentPostprocessing = 0;
		};
		AE113BEC222E42080001F3D8 /* Sources */ = {
			isa = PBXSourcesBuildPhase;
			buildActionMask = 2147483647;
			files = (
				AE113BF5222E42080001F3D8 /* CODA_AlphaV2UITests.swift in Sources */,
			);
			runOnlyForDeploymentPostprocessing = 0;
		};
/* End PBXSourcesBuildPhase section */

/* Begin PBXTargetDependency section */
		AE113BE7222E42080001F3D8 /* PBXTargetDependency */ = {
			isa = PBXTargetDependency;
			target = AE113BD0222E42070001F3D8 /* CODA-AlphaV2 */;
			targetProxy = AE113BE6222E42080001F3D8 /* PBXContainerItemProxy */;
		};
		AE113BF2222E42080001F3D8 /* PBXTargetDependency */ = {
			isa = PBXTargetDependency;
			target = AE113BD0222E42070001F3D8 /* CODA-AlphaV2 */;
			targetProxy = AE113BF1222E42080001F3D8 /* PBXContainerItemProxy */;
		};
		AE1F9C07224A79F500F7476D /* PBXTargetDependency */ = {
			isa = PBXTargetDependency;
			name = "Alamofire iOS";
			targetProxy = AE1F9C06224A79F500F7476D /* PBXContainerItemProxy */;
		};
/* End PBXTargetDependency section */

/* Begin PBXVariantGroup section */
		AE113BD8222E42070001F3D8 /* Main.storyboard */ = {
			isa = PBXVariantGroup;
			children = (
				AE113BD9222E42070001F3D8 /* Base */,
			);
			name = Main.storyboard;
			sourceTree = "<group>";
		};
		AE113BDD222E42080001F3D8 /* LaunchScreen.storyboard */ = {
			isa = PBXVariantGroup;
			children = (
				AE113BDE222E42080001F3D8 /* Base */,
			);
			name = LaunchScreen.storyboard;
			sourceTree = "<group>";
		};
/* End PBXVariantGroup section */

/* Begin XCBuildConfiguration section */
		AE113BF7222E42080001F3D8 /* Debug */ = {
			isa = XCBuildConfiguration;
			buildSettings = {
				ALWAYS_SEARCH_USER_PATHS = NO;
				CLANG_ANALYZER_NONNULL = YES;
				CLANG_ANALYZER_NUMBER_OBJECT_CONVERSION = YES_AGGRESSIVE;
				CLANG_CXX_LANGUAGE_STANDARD = "gnu++14";
				CLANG_CXX_LIBRARY = "libc++";
				CLANG_ENABLE_MODULES = YES;
				CLANG_ENABLE_OBJC_ARC = YES;
				CLANG_ENABLE_OBJC_WEAK = YES;
				CLANG_WARN_BLOCK_CAPTURE_AUTORELEASING = YES;
				CLANG_WARN_BOOL_CONVERSION = YES;
				CLANG_WARN_COMMA = YES;
				CLANG_WARN_CONSTANT_CONVERSION = YES;
				CLANG_WARN_DEPRECATED_OBJC_IMPLEMENTATIONS = YES;
				CLANG_WARN_DIRECT_OBJC_ISA_USAGE = YES_ERROR;
				CLANG_WARN_DOCUMENTATION_COMMENTS = YES;
				CLANG_WARN_EMPTY_BODY = YES;
				CLANG_WARN_ENUM_CONVERSION = YES;
				CLANG_WARN_INFINITE_RECURSION = YES;
				CLANG_WARN_INT_CONVERSION = YES;
				CLANG_WARN_NON_LITERAL_NULL_CONVERSION = YES;
				CLANG_WARN_OBJC_IMPLICIT_RETAIN_SELF = YES;
				CLANG_WARN_OBJC_LITERAL_CONVERSION = YES;
				CLANG_WARN_OBJC_ROOT_CLASS = YES_ERROR;
				CLANG_WARN_RANGE_LOOP_ANALYSIS = YES;
				CLANG_WARN_STRICT_PROTOTYPES = YES;
				CLANG_WARN_SUSPICIOUS_MOVE = YES;
				CLANG_WARN_UNGUARDED_AVAILABILITY = YES_AGGRESSIVE;
				CLANG_WARN_UNREACHABLE_CODE = YES;
				CLANG_WARN__DUPLICATE_METHOD_MATCH = YES;
				CODE_SIGN_IDENTITY = "iPhone Developer";
				COPY_PHASE_STRIP = NO;
				DEBUG_INFORMATION_FORMAT = dwarf;
				ENABLE_STRICT_OBJC_MSGSEND = YES;
				ENABLE_TESTABILITY = YES;
				GCC_C_LANGUAGE_STANDARD = gnu11;
				GCC_DYNAMIC_NO_PIC = NO;
				GCC_NO_COMMON_BLOCKS = YES;
				GCC_OPTIMIZATION_LEVEL = 0;
				GCC_PREPROCESSOR_DEFINITIONS = (
					"DEBUG=1",
					"$(inherited)",
				);
				GCC_WARN_64_TO_32_BIT_CONVERSION = YES;
				GCC_WARN_ABOUT_RETURN_TYPE = YES_ERROR;
				GCC_WARN_UNDECLARED_SELECTOR = YES;
				GCC_WARN_UNINITIALIZED_AUTOS = YES_AGGRESSIVE;
				GCC_WARN_UNUSED_FUNCTION = YES;
				GCC_WARN_UNUSED_VARIABLE = YES;
				IPHONEOS_DEPLOYMENT_TARGET = 12.1;
				MTL_ENABLE_DEBUG_INFO = INCLUDE_SOURCE;
				MTL_FAST_MATH = YES;
				ONLY_ACTIVE_ARCH = YES;
				SDKROOT = iphoneos;
				SWIFT_ACTIVE_COMPILATION_CONDITIONS = DEBUG;
				SWIFT_OPTIMIZATION_LEVEL = "-Onone";
			};
			name = Debug;
		};
		AE113BF8222E42080001F3D8 /* Release */ = {
			isa = XCBuildConfiguration;
			buildSettings = {
				ALWAYS_SEARCH_USER_PATHS = NO;
				CLANG_ANALYZER_NONNULL = YES;
				CLANG_ANALYZER_NUMBER_OBJECT_CONVERSION = YES_AGGRESSIVE;
				CLANG_CXX_LANGUAGE_STANDARD = "gnu++14";
				CLANG_CXX_LIBRARY = "libc++";
				CLANG_ENABLE_MODULES = YES;
				CLANG_ENABLE_OBJC_ARC = YES;
				CLANG_ENABLE_OBJC_WEAK = YES;
				CLANG_WARN_BLOCK_CAPTURE_AUTORELEASING = YES;
				CLANG_WARN_BOOL_CONVERSION = YES;
				CLANG_WARN_COMMA = YES;
				CLANG_WARN_CONSTANT_CONVERSION = YES;
				CLANG_WARN_DEPRECATED_OBJC_IMPLEMENTATIONS = YES;
				CLANG_WARN_DIRECT_OBJC_ISA_USAGE = YES_ERROR;
				CLANG_WARN_DOCUMENTATION_COMMENTS = YES;
				CLANG_WARN_EMPTY_BODY = YES;
				CLANG_WARN_ENUM_CONVERSION = YES;
				CLANG_WARN_INFINITE_RECURSION = YES;
				CLANG_WARN_INT_CONVERSION = YES;
				CLANG_WARN_NON_LITERAL_NULL_CONVERSION = YES;
				CLANG_WARN_OBJC_IMPLICIT_RETAIN_SELF = YES;
				CLANG_WARN_OBJC_LITERAL_CONVERSION = YES;
				CLANG_WARN_OBJC_ROOT_CLASS = YES_ERROR;
				CLANG_WARN_RANGE_LOOP_ANALYSIS = YES;
				CLANG_WARN_STRICT_PROTOTYPES = YES;
				CLANG_WARN_SUSPICIOUS_MOVE = YES;
				CLANG_WARN_UNGUARDED_AVAILABILITY = YES_AGGRESSIVE;
				CLANG_WARN_UNREACHABLE_CODE = YES;
				CLANG_WARN__DUPLICATE_METHOD_MATCH = YES;
				CODE_SIGN_IDENTITY = "iPhone Developer";
				COPY_PHASE_STRIP = NO;
				DEBUG_INFORMATION_FORMAT = "dwarf-with-dsym";
				ENABLE_NS_ASSERTIONS = NO;
				ENABLE_STRICT_OBJC_MSGSEND = YES;
				GCC_C_LANGUAGE_STANDARD = gnu11;
				GCC_NO_COMMON_BLOCKS = YES;
				GCC_WARN_64_TO_32_BIT_CONVERSION = YES;
				GCC_WARN_ABOUT_RETURN_TYPE = YES_ERROR;
				GCC_WARN_UNDECLARED_SELECTOR = YES;
				GCC_WARN_UNINITIALIZED_AUTOS = YES_AGGRESSIVE;
				GCC_WARN_UNUSED_FUNCTION = YES;
				GCC_WARN_UNUSED_VARIABLE = YES;
				IPHONEOS_DEPLOYMENT_TARGET = 12.1;
				MTL_ENABLE_DEBUG_INFO = NO;
				MTL_FAST_MATH = YES;
				SDKROOT = iphoneos;
				SWIFT_COMPILATION_MODE = wholemodule;
				SWIFT_OPTIMIZATION_LEVEL = "-O";
				VALIDATE_PRODUCT = YES;
			};
			name = Release;
		};
		AE113BFA222E42080001F3D8 /* Debug */ = {
			isa = XCBuildConfiguration;
			buildSettings = {
				ALWAYS_EMBED_SWIFT_STANDARD_LIBRARIES = YES;
				ASSETCATALOG_COMPILER_APPICON_NAME = AppIcon;
				CODE_SIGN_STYLE = Automatic;
				DEVELOPMENT_TEAM = K9YQK7833N;
				INFOPLIST_FILE = "CODA-AlphaV2/Info.plist";
				IPHONEOS_DEPLOYMENT_TARGET = 12.1;
				LD_RUNPATH_SEARCH_PATHS = (
					"$(inherited)",
					"@executable_path/Frameworks",
				);
				PRODUCT_BUNDLE_IDENTIFIER = "com.MrDJEnz.CODA-AlphaV2";
				PRODUCT_NAME = "$(TARGET_NAME)";
				SWIFT_VERSION = 4.2;
				TARGETED_DEVICE_FAMILY = "1,2";
			};
			name = Debug;
		};
		AE113BFB222E42080001F3D8 /* Release */ = {
			isa = XCBuildConfiguration;
			buildSettings = {
				ALWAYS_EMBED_SWIFT_STANDARD_LIBRARIES = YES;
				ASSETCATALOG_COMPILER_APPICON_NAME = AppIcon;
				CODE_SIGN_STYLE = Automatic;
				DEVELOPMENT_TEAM = K9YQK7833N;
				INFOPLIST_FILE = "CODA-AlphaV2/Info.plist";
				IPHONEOS_DEPLOYMENT_TARGET = 12.1;
				LD_RUNPATH_SEARCH_PATHS = (
					"$(inherited)",
					"@executable_path/Frameworks",
				);
				PRODUCT_BUNDLE_IDENTIFIER = "com.MrDJEnz.CODA-AlphaV2";
				PRODUCT_NAME = "$(TARGET_NAME)";
				SWIFT_VERSION = 4.2;
				TARGETED_DEVICE_FAMILY = "1,2";
			};
			name = Release;
		};
		AE113BFD222E42080001F3D8 /* Debug */ = {
			isa = XCBuildConfiguration;
			buildSettings = {
				ALWAYS_EMBED_SWIFT_STANDARD_LIBRARIES = YES;
				BUNDLE_LOADER = "$(TEST_HOST)";
				CODE_SIGN_STYLE = Automatic;
				DEVELOPMENT_TEAM = K9YQK7833N;
				INFOPLIST_FILE = "CODA-AlphaV2Tests/Info.plist";
				LD_RUNPATH_SEARCH_PATHS = (
					"$(inherited)",
					"@executable_path/Frameworks",
					"@loader_path/Frameworks",
				);
				PRODUCT_BUNDLE_IDENTIFIER = "com.MrDJEnz.CODA-AlphaV2Tests";
				PRODUCT_NAME = "$(TARGET_NAME)";
				SWIFT_VERSION = 4.2;
				TARGETED_DEVICE_FAMILY = "1,2";
				TEST_HOST = "$(BUILT_PRODUCTS_DIR)/CODA-AlphaV2.app/CODA-AlphaV2";
			};
			name = Debug;
		};
		AE113BFE222E42080001F3D8 /* Release */ = {
			isa = XCBuildConfiguration;
			buildSettings = {
				ALWAYS_EMBED_SWIFT_STANDARD_LIBRARIES = YES;
				BUNDLE_LOADER = "$(TEST_HOST)";
				CODE_SIGN_STYLE = Automatic;
				DEVELOPMENT_TEAM = K9YQK7833N;
				INFOPLIST_FILE = "CODA-AlphaV2Tests/Info.plist";
				LD_RUNPATH_SEARCH_PATHS = (
					"$(inherited)",
					"@executable_path/Frameworks",
					"@loader_path/Frameworks",
				);
				PRODUCT_BUNDLE_IDENTIFIER = "com.MrDJEnz.CODA-AlphaV2Tests";
				PRODUCT_NAME = "$(TARGET_NAME)";
				SWIFT_VERSION = 4.2;
				TARGETED_DEVICE_FAMILY = "1,2";
				TEST_HOST = "$(BUILT_PRODUCTS_DIR)/CODA-AlphaV2.app/CODA-AlphaV2";
			};
			name = Release;
		};
		AE113C00222E42080001F3D8 /* Debug */ = {
			isa = XCBuildConfiguration;
			buildSettings = {
				ALWAYS_EMBED_SWIFT_STANDARD_LIBRARIES = YES;
				CODE_SIGN_STYLE = Automatic;
				DEVELOPMENT_TEAM = K9YQK7833N;
				INFOPLIST_FILE = "CODA-AlphaV2UITests/Info.plist";
				LD_RUNPATH_SEARCH_PATHS = (
					"$(inherited)",
					"@executable_path/Frameworks",
					"@loader_path/Frameworks",
				);
				PRODUCT_BUNDLE_IDENTIFIER = "com.MrDJEnz.CODA-AlphaV2UITests";
				PRODUCT_NAME = "$(TARGET_NAME)";
				SWIFT_VERSION = 4.2;
				TARGETED_DEVICE_FAMILY = "1,2";
				TEST_TARGET_NAME = "CODA-AlphaV2";
			};
			name = Debug;
		};
		AE113C01222E42080001F3D8 /* Release */ = {
			isa = XCBuildConfiguration;
			buildSettings = {
				ALWAYS_EMBED_SWIFT_STANDARD_LIBRARIES = YES;
				CODE_SIGN_STYLE = Automatic;
				DEVELOPMENT_TEAM = K9YQK7833N;
				INFOPLIST_FILE = "CODA-AlphaV2UITests/Info.plist";
				LD_RUNPATH_SEARCH_PATHS = (
					"$(inherited)",
					"@executable_path/Frameworks",
					"@loader_path/Frameworks",
				);
				PRODUCT_BUNDLE_IDENTIFIER = "com.MrDJEnz.CODA-AlphaV2UITests";
				PRODUCT_NAME = "$(TARGET_NAME)";
				SWIFT_VERSION = 4.2;
				TARGETED_DEVICE_FAMILY = "1,2";
				TEST_TARGET_NAME = "CODA-AlphaV2";
			};
			name = Release;
		};
/* End XCBuildConfiguration section */

/* Begin XCConfigurationList section */
		AE113BCC222E42070001F3D8 /* Build configuration list for PBXProject "CODA-AlphaV2" */ = {
			isa = XCConfigurationList;
			buildConfigurations = (
				AE113BF7222E42080001F3D8 /* Debug */,
				AE113BF8222E42080001F3D8 /* Release */,
			);
			defaultConfigurationIsVisible = 0;
			defaultConfigurationName = Release;
		};
		AE113BF9222E42080001F3D8 /* Build configuration list for PBXNativeTarget "CODA-AlphaV2" */ = {
			isa = XCConfigurationList;
			buildConfigurations = (
				AE113BFA222E42080001F3D8 /* Debug */,
				AE113BFB222E42080001F3D8 /* Release */,
			);
			defaultConfigurationIsVisible = 0;
			defaultConfigurationName = Release;
		};
		AE113BFC222E42080001F3D8 /* Build configuration list for PBXNativeTarget "CODA-AlphaV2Tests" */ = {
			isa = XCConfigurationList;
			buildConfigurations = (
				AE113BFD222E42080001F3D8 /* Debug */,
				AE113BFE222E42080001F3D8 /* Release */,
			);
			defaultConfigurationIsVisible = 0;
			defaultConfigurationName = Release;
		};
		AE113BFF222E42080001F3D8 /* Build configuration list for PBXNativeTarget "CODA-AlphaV2UITests" */ = {
			isa = XCConfigurationList;
			buildConfigurations = (
				AE113C00222E42080001F3D8 /* Debug */,
				AE113C01222E42080001F3D8 /* Release */,
			);
			defaultConfigurationIsVisible = 0;
			defaultConfigurationName = Release;
		};
/* End XCConfigurationList section */
	};
	rootObject = AE113BC9222E42070001F3D8 /* Project object */;
}
