// !$*UTF8*$!
{
	archiveVersion = 1;
	classes = {
	};
	objectVersion = 50;
	objects = {

/* Begin PBXBuildFile section */
		AE113B9B222E41040001F3D8 /* AppDelegate.swift in Sources */ = {isa = PBXBuildFile; fileRef = AE113B9A222E41040001F3D8 /* AppDelegate.swift */; };
		AE113B9D222E41040001F3D8 /* ViewController.swift in Sources */ = {isa = PBXBuildFile; fileRef = AE113B9C222E41040001F3D8 /* ViewController.swift */; };
		AE113BA0222E41040001F3D8 /* Main.storyboard in Resources */ = {isa = PBXBuildFile; fileRef = AE113B9E222E41040001F3D8 /* Main.storyboard */; };
		AE113BA2222E41050001F3D8 /* Assets.xcassets in Resources */ = {isa = PBXBuildFile; fileRef = AE113BA1222E41050001F3D8 /* Assets.xcassets */; };
		AE113BA5222E41050001F3D8 /* LaunchScreen.storyboard in Resources */ = {isa = PBXBuildFile; fileRef = AE113BA3222E41050001F3D8 /* LaunchScreen.storyboard */; };
		AE113BB0222E41050001F3D8 /* CODA_Alpha_V2Tests.swift in Sources */ = {isa = PBXBuildFile; fileRef = AE113BAF222E41050001F3D8 /* CODA_Alpha_V2Tests.swift */; };
		AE113BBB222E41050001F3D8 /* CODA_Alpha_V2UITests.swift in Sources */ = {isa = PBXBuildFile; fileRef = AE113BBA222E41050001F3D8 /* CODA_Alpha_V2UITests.swift */; };
/* End PBXBuildFile section */

/* Begin PBXContainerItemProxy section */
		AE113BAC222E41050001F3D8 /* PBXContainerItemProxy */ = {
			isa = PBXContainerItemProxy;
			containerPortal = AE113B8F222E41040001F3D8 /* Project object */;
			proxyType = 1;
			remoteGlobalIDString = AE113B96222E41040001F3D8;
			remoteInfo = "CODA Alpha V2";
		};
		AE113BB7222E41050001F3D8 /* PBXContainerItemProxy */ = {
			isa = PBXContainerItemProxy;
			containerPortal = AE113B8F222E41040001F3D8 /* Project object */;
			proxyType = 1;
			remoteGlobalIDString = AE113B96222E41040001F3D8;
			remoteInfo = "CODA Alpha V2";
		};
/* End PBXContainerItemProxy section */

/* Begin PBXFileReference section */
		AE113B97222E41040001F3D8 /* CODA Alpha V2.app */ = {isa = PBXFileReference; explicitFileType = wrapper.application; includeInIndex = 0; path = "CODA Alpha V2.app"; sourceTree = BUILT_PRODUCTS_DIR; };
		AE113B9A222E41040001F3D8 /* AppDelegate.swift */ = {isa = PBXFileReference; lastKnownFileType = sourcecode.swift; path = AppDelegate.swift; sourceTree = "<group>"; };
		AE113B9C222E41040001F3D8 /* ViewController.swift */ = {isa = PBXFileReference; lastKnownFileType = sourcecode.swift; path = ViewController.swift; sourceTree = "<group>"; };
		AE113B9F222E41040001F3D8 /* Base */ = {isa = PBXFileReference; lastKnownFileType = file.storyboard; name = Base; path = Base.lproj/Main.storyboard; sourceTree = "<group>"; };
		AE113BA1222E41050001F3D8 /* Assets.xcassets */ = {isa = PBXFileReference; lastKnownFileType = folder.assetcatalog; path = Assets.xcassets; sourceTree = "<group>"; };
		AE113BA4222E41050001F3D8 /* Base */ = {isa = PBXFileReference; lastKnownFileType = file.storyboard; name = Base; path = Base.lproj/LaunchScreen.storyboard; sourceTree = "<group>"; };
		AE113BA6222E41050001F3D8 /* Info.plist */ = {isa = PBXFileReference; lastKnownFileType = text.plist.xml; path = Info.plist; sourceTree = "<group>"; };
		AE113BAB222E41050001F3D8 /* CODA Alpha V2Tests.xctest */ = {isa = PBXFileReference; explicitFileType = wrapper.cfbundle; includeInIndex = 0; path = "CODA Alpha V2Tests.xctest"; sourceTree = BUILT_PRODUCTS_DIR; };
		AE113BAF222E41050001F3D8 /* CODA_Alpha_V2Tests.swift */ = {isa = PBXFileReference; lastKnownFileType = sourcecode.swift; path = CODA_Alpha_V2Tests.swift; sourceTree = "<group>"; };
		AE113BB1222E41050001F3D8 /* Info.plist */ = {isa = PBXFileReference; lastKnownFileType = text.plist.xml; path = Info.plist; sourceTree = "<group>"; };
		AE113BB6222E41050001F3D8 /* CODA Alpha V2UITests.xctest */ = {isa = PBXFileReference; explicitFileType = wrapper.cfbundle; includeInIndex = 0; path = "CODA Alpha V2UITests.xctest"; sourceTree = BUILT_PRODUCTS_DIR; };
		AE113BBA222E41050001F3D8 /* CODA_Alpha_V2UITests.swift */ = {isa = PBXFileReference; lastKnownFileType = sourcecode.swift; path = CODA_Alpha_V2UITests.swift; sourceTree = "<group>"; };
		AE113BBC222E41050001F3D8 /* Info.plist */ = {isa = PBXFileReference; lastKnownFileType = text.plist.xml; path = Info.plist; sourceTree = "<group>"; };
/* End PBXFileReference section */

/* Begin PBXFrameworksBuildPhase section */
		AE113B94222E41040001F3D8 /* Frameworks */ = {
			isa = PBXFrameworksBuildPhase;
			buildActionMask = 2147483647;
			files = (
			);
			runOnlyForDeploymentPostprocessing = 0;
		};
		AE113BA8222E41050001F3D8 /* Frameworks */ = {
			isa = PBXFrameworksBuildPhase;
			buildActionMask = 2147483647;
			files = (
			);
			runOnlyForDeploymentPostprocessing = 0;
		};
		AE113BB3222E41050001F3D8 /* Frameworks */ = {
			isa = PBXFrameworksBuildPhase;
			buildActionMask = 2147483647;
			files = (
			);
			runOnlyForDeploymentPostprocessing = 0;
		};
/* End PBXFrameworksBuildPhase section */

/* Begin PBXGroup section */
		AE113B8E222E41040001F3D8 = {
			isa = PBXGroup;
			children = (
				AE113B99222E41040001F3D8 /* CODA Alpha V2 */,
				AE113BAE222E41050001F3D8 /* CODA Alpha V2Tests */,
				AE113BB9222E41050001F3D8 /* CODA Alpha V2UITests */,
				AE113B98222E41040001F3D8 /* Products */,
			);
			sourceTree = "<group>";
		};
		AE113B98222E41040001F3D8 /* Products */ = {
			isa = PBXGroup;
			children = (
				AE113B97222E41040001F3D8 /* CODA Alpha V2.app */,
				AE113BAB222E41050001F3D8 /* CODA Alpha V2Tests.xctest */,
				AE113BB6222E41050001F3D8 /* CODA Alpha V2UITests.xctest */,
			);
			name = Products;
			sourceTree = "<group>";
		};
		AE113B99222E41040001F3D8 /* CODA Alpha V2 */ = {
			isa = PBXGroup;
			children = (
				AE113B9A222E41040001F3D8 /* AppDelegate.swift */,
				AE113B9C222E41040001F3D8 /* ViewController.swift */,
				AE113B9E222E41040001F3D8 /* Main.storyboard */,
				AE113BA1222E41050001F3D8 /* Assets.xcassets */,
				AE113BA3222E41050001F3D8 /* LaunchScreen.storyboard */,
				AE113BA6222E41050001F3D8 /* Info.plist */,
			);
			path = "CODA Alpha V2";
			sourceTree = "<group>";
		};
		AE113BAE222E41050001F3D8 /* CODA Alpha V2Tests */ = {
			isa = PBXGroup;
			children = (
				AE113BAF222E41050001F3D8 /* CODA_Alpha_V2Tests.swift */,
				AE113BB1222E41050001F3D8 /* Info.plist */,
			);
			path = "CODA Alpha V2Tests";
			sourceTree = "<group>";
		};
		AE113BB9222E41050001F3D8 /* CODA Alpha V2UITests */ = {
			isa = PBXGroup;
			children = (
				AE113BBA222E41050001F3D8 /* CODA_Alpha_V2UITests.swift */,
				AE113BBC222E41050001F3D8 /* Info.plist */,
			);
			path = "CODA Alpha V2UITests";
			sourceTree = "<group>";
		};
/* End PBXGroup section */

/* Begin PBXNativeTarget section */
		AE113B96222E41040001F3D8 /* CODA Alpha V2 */ = {
			isa = PBXNativeTarget;
			buildConfigurationList = AE113BBF222E41050001F3D8 /* Build configuration list for PBXNativeTarget "CODA Alpha V2" */;
			buildPhases = (
				AE113B93222E41040001F3D8 /* Sources */,
				AE113B94222E41040001F3D8 /* Frameworks */,
				AE113B95222E41040001F3D8 /* Resources */,
			);
			buildRules = (
			);
			dependencies = (
			);
			name = "CODA Alpha V2";
			productName = "CODA Alpha V2";
			productReference = AE113B97222E41040001F3D8 /* CODA Alpha V2.app */;
			productType = "com.apple.product-type.application";
		};
		AE113BAA222E41050001F3D8 /* CODA Alpha V2Tests */ = {
			isa = PBXNativeTarget;
			buildConfigurationList = AE113BC2222E41050001F3D8 /* Build configuration list for PBXNativeTarget "CODA Alpha V2Tests" */;
			buildPhases = (
				AE113BA7222E41050001F3D8 /* Sources */,
				AE113BA8222E41050001F3D8 /* Frameworks */,
				AE113BA9222E41050001F3D8 /* Resources */,
			);
			buildRules = (
			);
			dependencies = (
				AE113BAD222E41050001F3D8 /* PBXTargetDependency */,
			);
			name = "CODA Alpha V2Tests";
			productName = "CODA Alpha V2Tests";
			productReference = AE113BAB222E41050001F3D8 /* CODA Alpha V2Tests.xctest */;
			productType = "com.apple.product-type.bundle.unit-test";
		};
		AE113BB5222E41050001F3D8 /* CODA Alpha V2UITests */ = {
			isa = PBXNativeTarget;
			buildConfigurationList = AE113BC5222E41050001F3D8 /* Build configuration list for PBXNativeTarget "CODA Alpha V2UITests" */;
			buildPhases = (
				AE113BB2222E41050001F3D8 /* Sources */,
				AE113BB3222E41050001F3D8 /* Frameworks */,
				AE113BB4222E41050001F3D8 /* Resources */,
			);
			buildRules = (
			);
			dependencies = (
				AE113BB8222E41050001F3D8 /* PBXTargetDependency */,
			);
			name = "CODA Alpha V2UITests";
			productName = "CODA Alpha V2UITests";
			productReference = AE113BB6222E41050001F3D8 /* CODA Alpha V2UITests.xctest */;
			productType = "com.apple.product-type.bundle.ui-testing";
		};
/* End PBXNativeTarget section */

/* Begin PBXProject section */
		AE113B8F222E41040001F3D8 /* Project object */ = {
			isa = PBXProject;
			attributes = {
				LastSwiftUpdateCheck = 1010;
				LastUpgradeCheck = 1010;
				ORGANIZATIONNAME = MrDJEnz;
				TargetAttributes = {
					AE113B96222E41040001F3D8 = {
						CreatedOnToolsVersion = 10.1;
					};
					AE113BAA222E41050001F3D8 = {
						CreatedOnToolsVersion = 10.1;
						TestTargetID = AE113B96222E41040001F3D8;
					};
					AE113BB5222E41050001F3D8 = {
						CreatedOnToolsVersion = 10.1;
						TestTargetID = AE113B96222E41040001F3D8;
					};
				};
			};
			buildConfigurationList = AE113B92222E41040001F3D8 /* Build configuration list for PBXProject "CODA Alpha V2" */;
			compatibilityVersion = "Xcode 9.3";
			developmentRegion = en;
			hasScannedForEncodings = 0;
			knownRegions = (
				en,
				Base,
			);
			mainGroup = AE113B8E222E41040001F3D8;
			productRefGroup = AE113B98222E41040001F3D8 /* Products */;
			projectDirPath = "";
			projectRoot = "";
			targets = (
				AE113B96222E41040001F3D8 /* CODA Alpha V2 */,
				AE113BAA222E41050001F3D8 /* CODA Alpha V2Tests */,
				AE113BB5222E41050001F3D8 /* CODA Alpha V2UITests */,
			);
		};
/* End PBXProject section */

/* Begin PBXResourcesBuildPhase section */
		AE113B95222E41040001F3D8 /* Resources */ = {
			isa = PBXResourcesBuildPhase;
			buildActionMask = 2147483647;
			files = (
				AE113BA5222E41050001F3D8 /* LaunchScreen.storyboard in Resources */,
				AE113BA2222E41050001F3D8 /* Assets.xcassets in Resources */,
				AE113BA0222E41040001F3D8 /* Main.storyboard in Resources */,
			);
			runOnlyForDeploymentPostprocessing = 0;
		};
		AE113BA9222E41050001F3D8 /* Resources */ = {
			isa = PBXResourcesBuildPhase;
			buildActionMask = 2147483647;
			files = (
			);
			runOnlyForDeploymentPostprocessing = 0;
		};
		AE113BB4222E41050001F3D8 /* Resources */ = {
			isa = PBXResourcesBuildPhase;
			buildActionMask = 2147483647;
			files = (
			);
			runOnlyForDeploymentPostprocessing = 0;
		};
/* End PBXResourcesBuildPhase section */

/* Begin PBXSourcesBuildPhase section */
		AE113B93222E41040001F3D8 /* Sources */ = {
			isa = PBXSourcesBuildPhase;
			buildActionMask = 2147483647;
			files = (
				AE113B9D222E41040001F3D8 /* ViewController.swift in Sources */,
				AE113B9B222E41040001F3D8 /* AppDelegate.swift in Sources */,
			);
			runOnlyForDeploymentPostprocessing = 0;
		};
		AE113BA7222E41050001F3D8 /* Sources */ = {
			isa = PBXSourcesBuildPhase;
			buildActionMask = 2147483647;
			files = (
				AE113BB0222E41050001F3D8 /* CODA_Alpha_V2Tests.swift in Sources */,
			);
			runOnlyForDeploymentPostprocessing = 0;
		};
		AE113BB2222E41050001F3D8 /* Sources */ = {
			isa = PBXSourcesBuildPhase;
			buildActionMask = 2147483647;
			files = (
				AE113BBB222E41050001F3D8 /* CODA_Alpha_V2UITests.swift in Sources */,
			);
			runOnlyForDeploymentPostprocessing = 0;
		};
/* End PBXSourcesBuildPhase section */

/* Begin PBXTargetDependency section */
		AE113BAD222E41050001F3D8 /* PBXTargetDependency */ = {
			isa = PBXTargetDependency;
			target = AE113B96222E41040001F3D8 /* CODA Alpha V2 */;
			targetProxy = AE113BAC222E41050001F3D8 /* PBXContainerItemProxy */;
		};
		AE113BB8222E41050001F3D8 /* PBXTargetDependency */ = {
			isa = PBXTargetDependency;
			target = AE113B96222E41040001F3D8 /* CODA Alpha V2 */;
			targetProxy = AE113BB7222E41050001F3D8 /* PBXContainerItemProxy */;
		};
/* End PBXTargetDependency section */

/* Begin PBXVariantGroup section */
		AE113B9E222E41040001F3D8 /* Main.storyboard */ = {
			isa = PBXVariantGroup;
			children = (
				AE113B9F222E41040001F3D8 /* Base */,
			);
			name = Main.storyboard;
			sourceTree = "<group>";
		};
		AE113BA3222E41050001F3D8 /* LaunchScreen.storyboard */ = {
			isa = PBXVariantGroup;
			children = (
				AE113BA4222E41050001F3D8 /* Base */,
			);
			name = LaunchScreen.storyboard;
			sourceTree = "<group>";
		};
/* End PBXVariantGroup section */

/* Begin XCBuildConfiguration section */
		AE113BBD222E41050001F3D8 /* Debug */ = {
			isa = XCBuildConfiguration;
			buildSettings = {
				ALWAYS_SEARCH_USER_PATHS = NO;
				CLANG_ANALYZER_NONNULL = YES;
				CLANG_ANALYZER_NUMBER_OBJECT_CONVERSION = YES_AGGRESSIVE;
				CLANG_CXX_LANGUAGE_STANDARD = "gnu++14";
				CLANG_CXX_LIBRARY = "libc++";
				CLANG_ENABLE_MODULES = YES;
				CLANG_ENABLE_OBJC_ARC = YES;
				CLANG_ENABLE_OBJC_WEAK = YES;
				CLANG_WARN_BLOCK_CAPTURE_AUTORELEASING = YES;
				CLANG_WARN_BOOL_CONVERSION = YES;
				CLANG_WARN_COMMA = YES;
				CLANG_WARN_CONSTANT_CONVERSION = YES;
				CLANG_WARN_DEPRECATED_OBJC_IMPLEMENTATIONS = YES;
				CLANG_WARN_DIRECT_OBJC_ISA_USAGE = YES_ERROR;
				CLANG_WARN_DOCUMENTATION_COMMENTS = YES;
				CLANG_WARN_EMPTY_BODY = YES;
				CLANG_WARN_ENUM_CONVERSION = YES;
				CLANG_WARN_INFINITE_RECURSION = YES;
				CLANG_WARN_INT_CONVERSION = YES;
				CLANG_WARN_NON_LITERAL_NULL_CONVERSION = YES;
				CLANG_WARN_OBJC_IMPLICIT_RETAIN_SELF = YES;
				CLANG_WARN_OBJC_LITERAL_CONVERSION = YES;
				CLANG_WARN_OBJC_ROOT_CLASS = YES_ERROR;
				CLANG_WARN_RANGE_LOOP_ANALYSIS = YES;
				CLANG_WARN_STRICT_PROTOTYPES = YES;
				CLANG_WARN_SUSPICIOUS_MOVE = YES;
				CLANG_WARN_UNGUARDED_AVAILABILITY = YES_AGGRESSIVE;
				CLANG_WARN_UNREACHABLE_CODE = YES;
				CLANG_WARN__DUPLICATE_METHOD_MATCH = YES;
				CODE_SIGN_IDENTITY = "iPhone Developer";
				COPY_PHASE_STRIP = NO;
				DEBUG_INFORMATION_FORMAT = dwarf;
				ENABLE_STRICT_OBJC_MSGSEND = YES;
				ENABLE_TESTABILITY = YES;
				GCC_C_LANGUAGE_STANDARD = gnu11;
				GCC_DYNAMIC_NO_PIC = NO;
				GCC_NO_COMMON_BLOCKS = YES;
				GCC_OPTIMIZATION_LEVEL = 0;
				GCC_PREPROCESSOR_DEFINITIONS = (
					"DEBUG=1",
					"$(inherited)",
				);
				GCC_WARN_64_TO_32_BIT_CONVERSION = YES;
				GCC_WARN_ABOUT_RETURN_TYPE = YES_ERROR;
				GCC_WARN_UNDECLARED_SELECTOR = YES;
				GCC_WARN_UNINITIALIZED_AUTOS = YES_AGGRESSIVE;
				GCC_WARN_UNUSED_FUNCTION = YES;
				GCC_WARN_UNUSED_VARIABLE = YES;
				IPHONEOS_DEPLOYMENT_TARGET = 12.1;
				MTL_ENABLE_DEBUG_INFO = INCLUDE_SOURCE;
				MTL_FAST_MATH = YES;
				ONLY_ACTIVE_ARCH = YES;
				SDKROOT = iphoneos;
				SWIFT_ACTIVE_COMPILATION_CONDITIONS = DEBUG;
				SWIFT_OPTIMIZATION_LEVEL = "-Onone";
			};
			name = Debug;
		};
		AE113BBE222E41050001F3D8 /* Release */ = {
			isa = XCBuildConfiguration;
			buildSettings = {
				ALWAYS_SEARCH_USER_PATHS = NO;
				CLANG_ANALYZER_NONNULL = YES;
				CLANG_ANALYZER_NUMBER_OBJECT_CONVERSION = YES_AGGRESSIVE;
				CLANG_CXX_LANGUAGE_STANDARD = "gnu++14";
				CLANG_CXX_LIBRARY = "libc++";
				CLANG_ENABLE_MODULES = YES;
				CLANG_ENABLE_OBJC_ARC = YES;
				CLANG_ENABLE_OBJC_WEAK = YES;
				CLANG_WARN_BLOCK_CAPTURE_AUTORELEASING = YES;
				CLANG_WARN_BOOL_CONVERSION = YES;
				CLANG_WARN_COMMA = YES;
				CLANG_WARN_CONSTANT_CONVERSION = YES;
				CLANG_WARN_DEPRECATED_OBJC_IMPLEMENTATIONS = YES;
				CLANG_WARN_DIRECT_OBJC_ISA_USAGE = YES_ERROR;
				CLANG_WARN_DOCUMENTATION_COMMENTS = YES;
				CLANG_WARN_EMPTY_BODY = YES;
				CLANG_WARN_ENUM_CONVERSION = YES;
				CLANG_WARN_INFINITE_RECURSION = YES;
				CLANG_WARN_INT_CONVERSION = YES;
				CLANG_WARN_NON_LITERAL_NULL_CONVERSION = YES;
				CLANG_WARN_OBJC_IMPLICIT_RETAIN_SELF = YES;
				CLANG_WARN_OBJC_LITERAL_CONVERSION = YES;
				CLANG_WARN_OBJC_ROOT_CLASS = YES_ERROR;
				CLANG_WARN_RANGE_LOOP_ANALYSIS = YES;
				CLANG_WARN_STRICT_PROTOTYPES = YES;
				CLANG_WARN_SUSPICIOUS_MOVE = YES;
				CLANG_WARN_UNGUARDED_AVAILABILITY = YES_AGGRESSIVE;
				CLANG_WARN_UNREACHABLE_CODE = YES;
				CLANG_WARN__DUPLICATE_METHOD_MATCH = YES;
				CODE_SIGN_IDENTITY = "iPhone Developer";
				COPY_PHASE_STRIP = NO;
				DEBUG_INFORMATION_FORMAT = "dwarf-with-dsym";
				ENABLE_NS_ASSERTIONS = NO;
				ENABLE_STRICT_OBJC_MSGSEND = YES;
				GCC_C_LANGUAGE_STANDARD = gnu11;
				GCC_NO_COMMON_BLOCKS = YES;
				GCC_WARN_64_TO_32_BIT_CONVERSION = YES;
				GCC_WARN_ABOUT_RETURN_TYPE = YES_ERROR;
				GCC_WARN_UNDECLARED_SELECTOR = YES;
				GCC_WARN_UNINITIALIZED_AUTOS = YES_AGGRESSIVE;
				GCC_WARN_UNUSED_FUNCTION = YES;
				GCC_WARN_UNUSED_VARIABLE = YES;
				IPHONEOS_DEPLOYMENT_TARGET = 12.1;
				MTL_ENABLE_DEBUG_INFO = NO;
				MTL_FAST_MATH = YES;
				SDKROOT = iphoneos;
				SWIFT_COMPILATION_MODE = wholemodule;
				SWIFT_OPTIMIZATION_LEVEL = "-O";
				VALIDATE_PRODUCT = YES;
			};
			name = Release;
		};
		AE113BC0222E41050001F3D8 /* Debug */ = {
			isa = XCBuildConfiguration;
			buildSettings = {
				ASSETCATALOG_COMPILER_APPICON_NAME = AppIcon;
				CODE_SIGN_STYLE = Automatic;
				DEVELOPMENT_TEAM = K9YQK7833N;
				INFOPLIST_FILE = "CODA Alpha V2/Info.plist";
				LD_RUNPATH_SEARCH_PATHS = (
					"$(inherited)",
					"@executable_path/Frameworks",
				);
				PRODUCT_BUNDLE_IDENTIFIER = "com.MrDJEnz.CODA-Alpha-V2";
				PRODUCT_NAME = "$(TARGET_NAME)";
				SWIFT_VERSION = 4.2;
				TARGETED_DEVICE_FAMILY = "1,2";
			};
			name = Debug;
		};
		AE113BC1222E41050001F3D8 /* Release */ = {
			isa = XCBuildConfiguration;
			buildSettings = {
				ASSETCATALOG_COMPILER_APPICON_NAME = AppIcon;
				CODE_SIGN_STYLE = Automatic;
				DEVELOPMENT_TEAM = K9YQK7833N;
				INFOPLIST_FILE = "CODA Alpha V2/Info.plist";
				LD_RUNPATH_SEARCH_PATHS = (
					"$(inherited)",
					"@executable_path/Frameworks",
				);
				PRODUCT_BUNDLE_IDENTIFIER = "com.MrDJEnz.CODA-Alpha-V2";
				PRODUCT_NAME = "$(TARGET_NAME)";
				SWIFT_VERSION = 4.2;
				TARGETED_DEVICE_FAMILY = "1,2";
			};
			name = Release;
		};
		AE113BC3222E41050001F3D8 /* Debug */ = {
			isa = XCBuildConfiguration;
			buildSettings = {
				ALWAYS_EMBED_SWIFT_STANDARD_LIBRARIES = YES;
				BUNDLE_LOADER = "$(TEST_HOST)";
				CODE_SIGN_STYLE = Automatic;
				DEVELOPMENT_TEAM = 9XWAHD3SD2;
				INFOPLIST_FILE = "CODA Alpha V2Tests/Info.plist";
				LD_RUNPATH_SEARCH_PATHS = (
					"$(inherited)",
					"@executable_path/Frameworks",
					"@loader_path/Frameworks",
				);
				PRODUCT_BUNDLE_IDENTIFIER = "com.MrDJEnz.CODA-Alpha-V2Tests";
				PRODUCT_NAME = "$(TARGET_NAME)";
				SWIFT_VERSION = 4.2;
				TARGETED_DEVICE_FAMILY = "1,2";
				TEST_HOST = "$(BUILT_PRODUCTS_DIR)/CODA Alpha V2.app/CODA Alpha V2";
			};
			name = Debug;
		};
		AE113BC4222E41050001F3D8 /* Release */ = {
			isa = XCBuildConfiguration;
			buildSettings = {
				ALWAYS_EMBED_SWIFT_STANDARD_LIBRARIES = YES;
				BUNDLE_LOADER = "$(TEST_HOST)";
				CODE_SIGN_STYLE = Automatic;
				DEVELOPMENT_TEAM = 9XWAHD3SD2;
				INFOPLIST_FILE = "CODA Alpha V2Tests/Info.plist";
				LD_RUNPATH_SEARCH_PATHS = (
					"$(inherited)",
					"@executable_path/Frameworks",
					"@loader_path/Frameworks",
				);
				PRODUCT_BUNDLE_IDENTIFIER = "com.MrDJEnz.CODA-Alpha-V2Tests";
				PRODUCT_NAME = "$(TARGET_NAME)";
				SWIFT_VERSION = 4.2;
				TARGETED_DEVICE_FAMILY = "1,2";
				TEST_HOST = "$(BUILT_PRODUCTS_DIR)/CODA Alpha V2.app/CODA Alpha V2";
			};
			name = Release;
		};
		AE113BC6222E41050001F3D8 /* Debug */ = {
			isa = XCBuildConfiguration;
			buildSettings = {
				ALWAYS_EMBED_SWIFT_STANDARD_LIBRARIES = YES;
				CODE_SIGN_STYLE = Automatic;
				DEVELOPMENT_TEAM = 9XWAHD3SD2;
				INFOPLIST_FILE = "CODA Alpha V2UITests/Info.plist";
				LD_RUNPATH_SEARCH_PATHS = (
					"$(inherited)",
					"@executable_path/Frameworks",
					"@loader_path/Frameworks",
				);
				PRODUCT_BUNDLE_IDENTIFIER = "com.MrDJEnz.CODA-Alpha-V2UITests";
				PRODUCT_NAME = "$(TARGET_NAME)";
				SWIFT_VERSION = 4.2;
				TARGETED_DEVICE_FAMILY = "1,2";
				TEST_TARGET_NAME = "CODA Alpha V2";
			};
			name = Debug;
		};
		AE113BC7222E41050001F3D8 /* Release */ = {
			isa = XCBuildConfiguration;
			buildSettings = {
				ALWAYS_EMBED_SWIFT_STANDARD_LIBRARIES = YES;
				CODE_SIGN_STYLE = Automatic;
				DEVELOPMENT_TEAM = 9XWAHD3SD2;
				INFOPLIST_FILE = "CODA Alpha V2UITests/Info.plist";
				LD_RUNPATH_SEARCH_PATHS = (
					"$(inherited)",
					"@executable_path/Frameworks",
					"@loader_path/Frameworks",
				);
				PRODUCT_BUNDLE_IDENTIFIER = "com.MrDJEnz.CODA-Alpha-V2UITests";
				PRODUCT_NAME = "$(TARGET_NAME)";
				SWIFT_VERSION = 4.2;
				TARGETED_DEVICE_FAMILY = "1,2";
				TEST_TARGET_NAME = "CODA Alpha V2";
			};
			name = Release;
		};
/* End XCBuildConfiguration section */

/* Begin XCConfigurationList section */
		AE113B92222E41040001F3D8 /* Build configuration list for PBXProject "CODA Alpha V2" */ = {
			isa = XCConfigurationList;
			buildConfigurations = (
				AE113BBD222E41050001F3D8 /* Debug */,
				AE113BBE222E41050001F3D8 /* Release */,
			);
			defaultConfigurationIsVisible = 0;
			defaultConfigurationName = Release;
		};
		AE113BBF222E41050001F3D8 /* Build configuration list for PBXNativeTarget "CODA Alpha V2" */ = {
			isa = XCConfigurationList;
			buildConfigurations = (
				AE113BC0222E41050001F3D8 /* Debug */,
				AE113BC1222E41050001F3D8 /* Release */,
			);
			defaultConfigurationIsVisible = 0;
			defaultConfigurationName = Release;
		};
		AE113BC2222E41050001F3D8 /* Build configuration list for PBXNativeTarget "CODA Alpha V2Tests" */ = {
			isa = XCConfigurationList;
			buildConfigurations = (
				AE113BC3222E41050001F3D8 /* Debug */,
				AE113BC4222E41050001F3D8 /* Release */,
			);
			defaultConfigurationIsVisible = 0;
			defaultConfigurationName = Release;
		};
		AE113BC5222E41050001F3D8 /* Build configuration list for PBXNativeTarget "CODA Alpha V2UITests" */ = {
			isa = XCConfigurationList;
			buildConfigurations = (
				AE113BC6222E41050001F3D8 /* Debug */,
				AE113BC7222E41050001F3D8 /* Release */,
			);
			defaultConfigurationIsVisible = 0;
			defaultConfigurationName = Release;
		};
/* End XCConfigurationList section */
	};
	rootObject = AE113B8F222E41040001F3D8 /* Project object */;
}
